
Microsoft Visual Studio Solution File, Format Version 12.00
# Visual Studio Version 17
VisualStudioVersion = 17.5.33530.505
MinimumVisualStudioVersion = 10.0.40219.1
Project("{FAE04EC0-301F-11D3-BF4B-00C04F79EFBC}") = "Sor", "Sor\Sor.csproj", "{EE14542E-0026-4433-B93A-A0D13CBA0E1F}"
EndProject
Global
	GlobalSection(SolutionConfigurationPlatforms) = preSolution
		Debug|Any CPU = Debug|Any CPU
		Release|Any CPU = Release|Any CPU
	EndGlobalSection
	GlobalSection(ProjectConfigurationPlatforms) = postSolution
		{EE14542E-0026-4433-B93A-A0D13CBA0E1F}.Debug|Any CPU.ActiveCfg = Debug|Any CPU
		{EE14542E-0026-4433-B93A-A0D13CBA0E1F}.Debug|Any CPU.Build.0 = Debug|Any CPU
		{EE14542E-0026-4433-B93A-A0D13CBA0E1F}.Release|Any CPU.ActiveCfg = Release|Any CPU
		{EE14542E-0026-4433-B93A-A0D13CBA0E1F}.Release|Any CPU.Build.0 = Release|Any CPU
	EndGlobalSection
	GlobalSection(SolutionProperties) = preSolution
		HideSolutionNode = FALSE
	EndGlobalSection
	GlobalSection(ExtensibilityGlobals) = postSolution
		SolutionGuid = {A83E1C29-5213-44F9-B2A2-A62B98CB1384}
	EndGlobalSection
EndGlobal
