
Microsoft Visual Studio Solution File, Format Version 12.00
# Visual Studio Version 16
VisualStudioVersion = 16.0.34114.132
MinimumVisualStudioVersion = 10.0.40219.1
Project("{FAE04EC0-301F-11D3-BF4B-00C04F79EFBC}") = "NetworkUtility_uj", "NetworkUtility_uj\NetworkUtility_uj.csproj", "{72D82FBD-370D-45CB-A02B-6F6C2FE73217}"
EndProject
Global
	GlobalSection(SolutionConfigurationPlatforms) = preSolution
		Debug|Any CPU = Debug|Any CPU
		Release|Any CPU = Release|Any CPU
	EndGlobalSection
	GlobalSection(ProjectConfigurationPlatforms) = postSolution
		{72D82FBD-370D-45CB-A02B-6F6C2FE73217}.Debug|Any CPU.ActiveCfg = Debug|Any CPU
		{72D82FBD-370D-45CB-A02B-6F6C2FE73217}.Debug|Any CPU.Build.0 = Debug|Any CPU
		{72D82FBD-370D-45CB-A02B-6F6C2FE73217}.Release|Any CPU.ActiveCfg = Release|Any CPU
		{72D82FBD-370D-45CB-A02B-6F6C2FE73217}.Release|Any CPU.Build.0 = Release|Any CPU
	EndGlobalSection
	GlobalSection(SolutionProperties) = preSolution
		HideSolutionNode = FALSE
	EndGlobalSection
	GlobalSection(ExtensibilityGlobals) = postSolution
		SolutionGuid = {5DA681FF-5C0F-46D5-BBE4-4CDF1160F9EB}
	EndGlobalSection
EndGlobal
