
Microsoft Visual Studio Solution File, Format Version 12.00
# Visual Studio Version 17
VisualStudioVersion = 17.7.34202.233
MinimumVisualStudioVersion = 10.0.40219.1
Project("{FAE04EC0-301F-11D3-BF4B-00C04F79EFBC}") = "feliratkozas_esemenye", "feliratkozas_esemenye\feliratkozas_esemenye.csproj", "{F6342F1E-1465-4189-9461-04455DF9DF9E}"
EndProject
Global
	GlobalSection(SolutionConfigurationPlatforms) = preSolution
		Debug|Any CPU = Debug|Any CPU
		Release|Any CPU = Release|Any CPU
	EndGlobalSection
	GlobalSection(ProjectConfigurationPlatforms) = postSolution
		{F6342F1E-1465-4189-9461-04455DF9DF9E}.Debug|Any CPU.ActiveCfg = Debug|Any CPU
		{F6342F1E-1465-4189-9461-04455DF9DF9E}.Debug|Any CPU.Build.0 = Debug|Any CPU
		{F6342F1E-1465-4189-9461-04455DF9DF9E}.Release|Any CPU.ActiveCfg = Release|Any CPU
		{F6342F1E-1465-4189-9461-04455DF9DF9E}.Release|Any CPU.Build.0 = Release|Any CPU
	EndGlobalSection
	GlobalSection(SolutionProperties) = preSolution
		HideSolutionNode = FALSE
	EndGlobalSection
	GlobalSection(ExtensibilityGlobals) = postSolution
		SolutionGuid = {E54F30BB-EC9B-47DF-809C-63D68C9DE335}
	EndGlobalSection
EndGlobal
