
Microsoft Visual Studio Solution File, Format Version 12.00
# Visual Studio Version 17
VisualStudioVersion = 17.7.34202.233
MinimumVisualStudioVersion = 10.0.40219.1
Project("{FAE04EC0-301F-11D3-BF4B-00C04F79EFBC}") = "boxing", "boxing\boxing.csproj", "{FEFD047E-7883-4A28-8EB0-6712D67BF7F4}"
EndProject
Global
	GlobalSection(SolutionConfigurationPlatforms) = preSolution
		Debug|Any CPU = Debug|Any CPU
		Release|Any CPU = Release|Any CPU
	EndGlobalSection
	GlobalSection(ProjectConfigurationPlatforms) = postSolution
		{FEFD047E-7883-4A28-8EB0-6712D67BF7F4}.Debug|Any CPU.ActiveCfg = Debug|Any CPU
		{FEFD047E-7883-4A28-8EB0-6712D67BF7F4}.Debug|Any CPU.Build.0 = Debug|Any CPU
		{FEFD047E-7883-4A28-8EB0-6712D67BF7F4}.Release|Any CPU.ActiveCfg = Release|Any CPU
		{FEFD047E-7883-4A28-8EB0-6712D67BF7F4}.Release|Any CPU.Build.0 = Release|Any CPU
	EndGlobalSection
	GlobalSection(SolutionProperties) = preSolution
		HideSolutionNode = FALSE
	EndGlobalSection
	GlobalSection(ExtensibilityGlobals) = postSolution
		SolutionGuid = {4B2E2BD3-289E-42BE-96C3-F4C60FC31A0B}
	EndGlobalSection
EndGlobal
