
Microsoft Visual Studio Solution File, Format Version 12.00
# Visual Studio Version 17
VisualStudioVersion = 17.7.34202.233
MinimumVisualStudioVersion = 10.0.40219.1
Project("{FAE04EC0-301F-11D3-BF4B-00C04F79EFBC}") = "Toto", "Toto\Toto.csproj", "{99D31FD3-5C01-4778-8B11-6BEF1E361FC7}"
EndProject
Global
	GlobalSection(SolutionConfigurationPlatforms) = preSolution
		Debug|Any CPU = Debug|Any CPU
		Release|Any CPU = Release|Any CPU
	EndGlobalSection
	GlobalSection(ProjectConfigurationPlatforms) = postSolution
		{99D31FD3-5C01-4778-8B11-6BEF1E361FC7}.Debug|Any CPU.ActiveCfg = Debug|Any CPU
		{99D31FD3-5C01-4778-8B11-6BEF1E361FC7}.Debug|Any CPU.Build.0 = Debug|Any CPU
		{99D31FD3-5C01-4778-8B11-6BEF1E361FC7}.Release|Any CPU.ActiveCfg = Release|Any CPU
		{99D31FD3-5C01-4778-8B11-6BEF1E361FC7}.Release|Any CPU.Build.0 = Release|Any CPU
	EndGlobalSection
	GlobalSection(SolutionProperties) = preSolution
		HideSolutionNode = FALSE
	EndGlobalSection
	GlobalSection(ExtensibilityGlobals) = postSolution
		SolutionGuid = {B4F77F39-78A1-40FB-8B13-5DE9BFD84E76}
	EndGlobalSection
EndGlobal
