
Microsoft Visual Studio Solution File, Format Version 12.00
# Visual Studio Version 17
VisualStudioVersion = 17.7.34202.233
MinimumVisualStudioVersion = 10.0.40219.1
Project("{FAE04EC0-301F-11D3-BF4B-00C04F79EFBC}") = "iskola", "iskola\iskola.csproj", "{A58C8331-12AF-4441-BAAD-34690B7859F5}"
EndProject
Global
	GlobalSection(SolutionConfigurationPlatforms) = preSolution
		Debug|Any CPU = Debug|Any CPU
		Release|Any CPU = Release|Any CPU
	EndGlobalSection
	GlobalSection(ProjectConfigurationPlatforms) = postSolution
		{A58C8331-12AF-4441-BAAD-34690B7859F5}.Debug|Any CPU.ActiveCfg = Debug|Any CPU
		{A58C8331-12AF-4441-BAAD-34690B7859F5}.Debug|Any CPU.Build.0 = Debug|Any CPU
		{A58C8331-12AF-4441-BAAD-34690B7859F5}.Release|Any CPU.ActiveCfg = Release|Any CPU
		{A58C8331-12AF-4441-BAAD-34690B7859F5}.Release|Any CPU.Build.0 = Release|Any CPU
	EndGlobalSection
	GlobalSection(SolutionProperties) = preSolution
		HideSolutionNode = FALSE
	EndGlobalSection
	GlobalSection(ExtensibilityGlobals) = postSolution
		SolutionGuid = {3D8C09EC-EE1F-4CA1-836E-6CCD5A65A3BD}
	EndGlobalSection
EndGlobal
