
Microsoft Visual Studio Solution File, Format Version 12.00
# Visual Studio Version 17
VisualStudioVersion = 17.5.33424.131
MinimumVisualStudioVersion = 10.0.40219.1
Project("{FAE04EC0-301F-11D3-BF4B-00C04F79EFBC}") = "Practice_1", "Practice_1\Practice_1.csproj", "{496781DA-5731-4D22-BDE1-5C3EC39E80B3}"
EndProject
Global
	GlobalSection(SolutionConfigurationPlatforms) = preSolution
		Debug|Any CPU = Debug|Any CPU
		Release|Any CPU = Release|Any CPU
	EndGlobalSection
	GlobalSection(ProjectConfigurationPlatforms) = postSolution
		{496781DA-5731-4D22-BDE1-5C3EC39E80B3}.Debug|Any CPU.ActiveCfg = Debug|Any CPU
		{496781DA-5731-4D22-BDE1-5C3EC39E80B3}.Debug|Any CPU.Build.0 = Debug|Any CPU
		{496781DA-5731-4D22-BDE1-5C3EC39E80B3}.Release|Any CPU.ActiveCfg = Release|Any CPU
		{496781DA-5731-4D22-BDE1-5C3EC39E80B3}.Release|Any CPU.Build.0 = Release|Any CPU
	EndGlobalSection
	GlobalSection(SolutionProperties) = preSolution
		HideSolutionNode = FALSE
	EndGlobalSection
	GlobalSection(ExtensibilityGlobals) = postSolution
		SolutionGuid = {B90701F8-5829-4473-9821-138A13C3FCD3}
	EndGlobalSection
EndGlobal
