
Microsoft Visual Studio Solution File, Format Version 12.00
# Visual Studio Version 17
VisualStudioVersion = 17.7.34202.233
MinimumVisualStudioVersion = 10.0.40219.1
Project("{FAE04EC0-301F-11D3-BF4B-00C04F79EFBC}") = "networkutility", "networkutility\networkutility.csproj", "{115CC5A9-FC70-41C9-98A1-0FAB76981616}"
EndProject
Project("{FAE04EC0-301F-11D3-BF4B-00C04F79EFBC}") = "NetworkUtility.Tests", "NetworkUtility.Tests\NetworkUtility.Tests.csproj", "{8F32E6DB-C80A-48CB-B38D-460AD4E40CF3}"
EndProject
Global
	GlobalSection(SolutionConfigurationPlatforms) = preSolution
		Debug|Any CPU = Debug|Any CPU
		Release|Any CPU = Release|Any CPU
	EndGlobalSection
	GlobalSection(ProjectConfigurationPlatforms) = postSolution
		{115CC5A9-FC70-41C9-98A1-0FAB76981616}.Debug|Any CPU.ActiveCfg = Debug|Any CPU
		{115CC5A9-FC70-41C9-98A1-0FAB76981616}.Debug|Any CPU.Build.0 = Debug|Any CPU
		{115CC5A9-FC70-41C9-98A1-0FAB76981616}.Release|Any CPU.ActiveCfg = Release|Any CPU
		{115CC5A9-FC70-41C9-98A1-0FAB76981616}.Release|Any CPU.Build.0 = Release|Any CPU
		{8F32E6DB-C80A-48CB-B38D-460AD4E40CF3}.Debug|Any CPU.ActiveCfg = Debug|Any CPU
		{8F32E6DB-C80A-48CB-B38D-460AD4E40CF3}.Debug|Any CPU.Build.0 = Debug|Any CPU
		{8F32E6DB-C80A-48CB-B38D-460AD4E40CF3}.Release|Any CPU.ActiveCfg = Release|Any CPU
		{8F32E6DB-C80A-48CB-B38D-460AD4E40CF3}.Release|Any CPU.Build.0 = Release|Any CPU
	EndGlobalSection
	GlobalSection(SolutionProperties) = preSolution
		HideSolutionNode = FALSE
	EndGlobalSection
	GlobalSection(ExtensibilityGlobals) = postSolution
		SolutionGuid = {672498C6-49CA-45B8-B34C-FE67B48337F7}
	EndGlobalSection
EndGlobal
