
Microsoft Visual Studio Solution File, Format Version 12.00
# Visual Studio Version 17
VisualStudioVersion = 17.7.34202.233
MinimumVisualStudioVersion = 10.0.40219.1
Project("{FAE04EC0-301F-11D3-BF4B-00C04F79EFBC}") = "karacsonyCLI", "karacsonyCLI\karacsonyCLI.csproj", "{301D00F2-E543-4AF3-B2D9-B8CFFA81892C}"
EndProject
Global
	GlobalSection(SolutionConfigurationPlatforms) = preSolution
		Debug|Any CPU = Debug|Any CPU
		Release|Any CPU = Release|Any CPU
	EndGlobalSection
	GlobalSection(ProjectConfigurationPlatforms) = postSolution
		{301D00F2-E543-4AF3-B2D9-B8CFFA81892C}.Debug|Any CPU.ActiveCfg = Debug|Any CPU
		{301D00F2-E543-4AF3-B2D9-B8CFFA81892C}.Debug|Any CPU.Build.0 = Debug|Any CPU
		{301D00F2-E543-4AF3-B2D9-B8CFFA81892C}.Release|Any CPU.ActiveCfg = Release|Any CPU
		{301D00F2-E543-4AF3-B2D9-B8CFFA81892C}.Release|Any CPU.Build.0 = Release|Any CPU
	EndGlobalSection
	GlobalSection(SolutionProperties) = preSolution
		HideSolutionNode = FALSE
	EndGlobalSection
	GlobalSection(ExtensibilityGlobals) = postSolution
		SolutionGuid = {5912ABB8-C1CB-4F9E-A05F-312EBF9558DA}
	EndGlobalSection
EndGlobal
