
Microsoft Visual Studio Solution File, Format Version 12.00
# Visual Studio Version 16
VisualStudioVersion = 16.0.33529.622
MinimumVisualStudioVersion = 10.0.40219.1
Project("{FAE04EC0-301F-11D3-BF4B-00C04F79EFBC}") = "Sodoku", "Sodoku\Sodoku.csproj", "{78C2864D-F709-430E-B280-D7B43F98FE99}"
EndProject
Global
	GlobalSection(SolutionConfigurationPlatforms) = preSolution
		Debug|Any CPU = Debug|Any CPU
		Release|Any CPU = Release|Any CPU
	EndGlobalSection
	GlobalSection(ProjectConfigurationPlatforms) = postSolution
		{78C2864D-F709-430E-B280-D7B43F98FE99}.Debug|Any CPU.ActiveCfg = Debug|Any CPU
		{78C2864D-F709-430E-B280-D7B43F98FE99}.Debug|Any CPU.Build.0 = Debug|Any CPU
		{78C2864D-F709-430E-B280-D7B43F98FE99}.Release|Any CPU.ActiveCfg = Release|Any CPU
		{78C2864D-F709-430E-B280-D7B43F98FE99}.Release|Any CPU.Build.0 = Release|Any CPU
	EndGlobalSection
	GlobalSection(SolutionProperties) = preSolution
		HideSolutionNode = FALSE
	EndGlobalSection
	GlobalSection(ExtensibilityGlobals) = postSolution
		SolutionGuid = {3CB4A60C-E3BC-4866-A0ED-32101B599FC0}
	EndGlobalSection
EndGlobal
