
Microsoft Visual Studio Solution File, Format Version 12.00
# Visual Studio Version 17
VisualStudioVersion = 17.7.34202.233
MinimumVisualStudioVersion = 10.0.40219.1
Project("{FAE04EC0-301F-11D3-BF4B-00C04F79EFBC}") = "guihelp1", "guihelp1\guihelp1.csproj", "{B0A5133A-ED5C-423D-A271-FFF310D01CBD}"
EndProject
Global
	GlobalSection(SolutionConfigurationPlatforms) = preSolution
		Debug|Any CPU = Debug|Any CPU
		Release|Any CPU = Release|Any CPU
	EndGlobalSection
	GlobalSection(ProjectConfigurationPlatforms) = postSolution
		{B0A5133A-ED5C-423D-A271-FFF310D01CBD}.Debug|Any CPU.ActiveCfg = Debug|Any CPU
		{B0A5133A-ED5C-423D-A271-FFF310D01CBD}.Debug|Any CPU.Build.0 = Debug|Any CPU
		{B0A5133A-ED5C-423D-A271-FFF310D01CBD}.Release|Any CPU.ActiveCfg = Release|Any CPU
		{B0A5133A-ED5C-423D-A271-FFF310D01CBD}.Release|Any CPU.Build.0 = Release|Any CPU
	EndGlobalSection
	GlobalSection(SolutionProperties) = preSolution
		HideSolutionNode = FALSE
	EndGlobalSection
	GlobalSection(ExtensibilityGlobals) = postSolution
		SolutionGuid = {08BE26AC-4003-4A9A-8621-C89AA59B9882}
	EndGlobalSection
EndGlobal
