
Microsoft Visual Studio Solution File, Format Version 12.00
# Visual Studio Version 16
VisualStudioVersion = 16.0.33529.622
MinimumVisualStudioVersion = 10.0.40219.1
Project("{FAE04EC0-301F-11D3-BF4B-00C04F79EFBC}") = "sudokuCLI", "sudokuCLI\sudokuCLI.csproj", "{DF28E654-A067-4E42-BF3B-AF35A128DD05}"
EndProject
Global
	GlobalSection(SolutionConfigurationPlatforms) = preSolution
		Debug|Any CPU = Debug|Any CPU
		Release|Any CPU = Release|Any CPU
	EndGlobalSection
	GlobalSection(ProjectConfigurationPlatforms) = postSolution
		{DF28E654-A067-4E42-BF3B-AF35A128DD05}.Debug|Any CPU.ActiveCfg = Debug|Any CPU
		{DF28E654-A067-4E42-BF3B-AF35A128DD05}.Debug|Any CPU.Build.0 = Debug|Any CPU
		{DF28E654-A067-4E42-BF3B-AF35A128DD05}.Release|Any CPU.ActiveCfg = Release|Any CPU
		{DF28E654-A067-4E42-BF3B-AF35A128DD05}.Release|Any CPU.Build.0 = Release|Any CPU
	EndGlobalSection
	GlobalSection(SolutionProperties) = preSolution
		HideSolutionNode = FALSE
	EndGlobalSection
	GlobalSection(ExtensibilityGlobals) = postSolution
		SolutionGuid = {E31127F7-EFB8-4EFF-AB7F-C2E08B545292}
	EndGlobalSection
EndGlobal
