
Microsoft Visual Studio Solution File, Format Version 12.00
# Visual Studio Version 17
VisualStudioVersion = 17.7.34202.233
MinimumVisualStudioVersion = 10.0.40219.1
Project("{FAE04EC0-301F-11D3-BF4B-00C04F79EFBC}") = "Interface", "Interface\Interface.csproj", "{80909C96-0F72-4A5C-AA24-0968D49205BC}"
EndProject
Global
	GlobalSection(SolutionConfigurationPlatforms) = preSolution
		Debug|Any CPU = Debug|Any CPU
		Release|Any CPU = Release|Any CPU
	EndGlobalSection
	GlobalSection(ProjectConfigurationPlatforms) = postSolution
		{80909C96-0F72-4A5C-AA24-0968D49205BC}.Debug|Any CPU.ActiveCfg = Debug|Any CPU
		{80909C96-0F72-4A5C-AA24-0968D49205BC}.Debug|Any CPU.Build.0 = Debug|Any CPU
		{80909C96-0F72-4A5C-AA24-0968D49205BC}.Release|Any CPU.ActiveCfg = Release|Any CPU
		{80909C96-0F72-4A5C-AA24-0968D49205BC}.Release|Any CPU.Build.0 = Release|Any CPU
	EndGlobalSection
	GlobalSection(SolutionProperties) = preSolution
		HideSolutionNode = FALSE
	EndGlobalSection
	GlobalSection(ExtensibilityGlobals) = postSolution
		SolutionGuid = {6935228B-CD23-443D-BCE9-0E0F8E1452C8}
	EndGlobalSection
EndGlobal
