
Microsoft Visual Studio Solution File, Format Version 12.00
# Visual Studio Version 16
VisualStudioVersion = 16.0.34114.132
MinimumVisualStudioVersion = 10.0.40219.1
Project("{FAE04EC0-301F-11D3-BF4B-00C04F79EFBC}") = "dolgozat2", "dolgozat2\dolgozat2.csproj", "{BFC52C01-B66D-4CC8-BD23-F0C0CB6F4B7A}"
EndProject
Global
	GlobalSection(SolutionConfigurationPlatforms) = preSolution
		Debug|Any CPU = Debug|Any CPU
		Release|Any CPU = Release|Any CPU
	EndGlobalSection
	GlobalSection(ProjectConfigurationPlatforms) = postSolution
		{BFC52C01-B66D-4CC8-BD23-F0C0CB6F4B7A}.Debug|Any CPU.ActiveCfg = Debug|Any CPU
		{BFC52C01-B66D-4CC8-BD23-F0C0CB6F4B7A}.Debug|Any CPU.Build.0 = Debug|Any CPU
		{BFC52C01-B66D-4CC8-BD23-F0C0CB6F4B7A}.Release|Any CPU.ActiveCfg = Release|Any CPU
		{BFC52C01-B66D-4CC8-BD23-F0C0CB6F4B7A}.Release|Any CPU.Build.0 = Release|Any CPU
	EndGlobalSection
	GlobalSection(SolutionProperties) = preSolution
		HideSolutionNode = FALSE
	EndGlobalSection
	GlobalSection(ExtensibilityGlobals) = postSolution
		SolutionGuid = {E0146FB8-999E-47E1-A2C4-D0A2BA5E969C}
	EndGlobalSection
EndGlobal
