
Microsoft Visual Studio Solution File, Format Version 12.00
# Visual Studio Version 17
VisualStudioVersion = 17.5.33530.505
MinimumVisualStudioVersion = 10.0.40219.1
Project("{FAE04EC0-301F-11D3-BF4B-00C04F79EFBC}") = "OPP_interface", "OPP_interface\OPP_interface.csproj", "{1748CB9E-D8D2-4E53-84BB-61A183ADAD62}"
EndProject
Global
	GlobalSection(SolutionConfigurationPlatforms) = preSolution
		Debug|Any CPU = Debug|Any CPU
		Release|Any CPU = Release|Any CPU
	EndGlobalSection
	GlobalSection(ProjectConfigurationPlatforms) = postSolution
		{1748CB9E-D8D2-4E53-84BB-61A183ADAD62}.Debug|Any CPU.ActiveCfg = Debug|Any CPU
		{1748CB9E-D8D2-4E53-84BB-61A183ADAD62}.Debug|Any CPU.Build.0 = Debug|Any CPU
		{1748CB9E-D8D2-4E53-84BB-61A183ADAD62}.Release|Any CPU.ActiveCfg = Release|Any CPU
		{1748CB9E-D8D2-4E53-84BB-61A183ADAD62}.Release|Any CPU.Build.0 = Release|Any CPU
	EndGlobalSection
	GlobalSection(SolutionProperties) = preSolution
		HideSolutionNode = FALSE
	EndGlobalSection
	GlobalSection(ExtensibilityGlobals) = postSolution
		SolutionGuid = {8ADCD4B4-550E-4E71-BF40-94166D702D86}
	EndGlobalSection
EndGlobal
