
Microsoft Visual Studio Solution File, Format Version 12.00
# Visual Studio Version 17
VisualStudioVersion = 17.7.34202.233
MinimumVisualStudioVersion = 10.0.40219.1
Project("{FAE04EC0-301F-11D3-BF4B-00C04F79EFBC}") = "Toto", "Toto\Toto.csproj", "{AFD3849D-A339-4EFC-9A05-1823A0C55B9D}"
EndProject
Global
	GlobalSection(SolutionConfigurationPlatforms) = preSolution
		Debug|Any CPU = Debug|Any CPU
		Release|Any CPU = Release|Any CPU
	EndGlobalSection
	GlobalSection(ProjectConfigurationPlatforms) = postSolution
		{AFD3849D-A339-4EFC-9A05-1823A0C55B9D}.Debug|Any CPU.ActiveCfg = Debug|Any CPU
		{AFD3849D-A339-4EFC-9A05-1823A0C55B9D}.Debug|Any CPU.Build.0 = Debug|Any CPU
		{AFD3849D-A339-4EFC-9A05-1823A0C55B9D}.Release|Any CPU.ActiveCfg = Release|Any CPU
		{AFD3849D-A339-4EFC-9A05-1823A0C55B9D}.Release|Any CPU.Build.0 = Release|Any CPU
	EndGlobalSection
	GlobalSection(SolutionProperties) = preSolution
		HideSolutionNode = FALSE
	EndGlobalSection
	GlobalSection(ExtensibilityGlobals) = postSolution
		SolutionGuid = {F5B335C3-C3FA-41DF-9638-80628DA961E7}
	EndGlobalSection
EndGlobal
