
Microsoft Visual Studio Solution File, Format Version 12.00
# Visual Studio Version 16
VisualStudioVersion = 16.0.33529.622
MinimumVisualStudioVersion = 10.0.40219.1
Project("{FAE04EC0-301F-11D3-BF4B-00C04F79EFBC}") = "gyakorlas", "gyakorlas\gyakorlas.csproj", "{3FC6715E-7DD2-4C68-9202-4BBA833B5F33}"
EndProject
Global
	GlobalSection(SolutionConfigurationPlatforms) = preSolution
		Debug|Any CPU = Debug|Any CPU
		Release|Any CPU = Release|Any CPU
	EndGlobalSection
	GlobalSection(ProjectConfigurationPlatforms) = postSolution
		{3FC6715E-7DD2-4C68-9202-4BBA833B5F33}.Debug|Any CPU.ActiveCfg = Debug|Any CPU
		{3FC6715E-7DD2-4C68-9202-4BBA833B5F33}.Debug|Any CPU.Build.0 = Debug|Any CPU
		{3FC6715E-7DD2-4C68-9202-4BBA833B5F33}.Release|Any CPU.ActiveCfg = Release|Any CPU
		{3FC6715E-7DD2-4C68-9202-4BBA833B5F33}.Release|Any CPU.Build.0 = Release|Any CPU
	EndGlobalSection
	GlobalSection(SolutionProperties) = preSolution
		HideSolutionNode = FALSE
	EndGlobalSection
	GlobalSection(ExtensibilityGlobals) = postSolution
		SolutionGuid = {06D27EFF-90C2-40F5-A8DF-EC48FC5C686C}
	EndGlobalSection
EndGlobal
