
Microsoft Visual Studio Solution File, Format Version 12.00
# Visual Studio Version 17
VisualStudioVersion = 17.7.34202.233
MinimumVisualStudioVersion = 10.0.40219.1
Project("{FAE04EC0-301F-11D3-BF4B-00C04F79EFBC}") = "Toto", "Toto\Toto.csproj", "{5885D753-17D5-47F5-9695-AE379F692614}"
EndProject
Global
	GlobalSection(SolutionConfigurationPlatforms) = preSolution
		Debug|Any CPU = Debug|Any CPU
		Release|Any CPU = Release|Any CPU
	EndGlobalSection
	GlobalSection(ProjectConfigurationPlatforms) = postSolution
		{5885D753-17D5-47F5-9695-AE379F692614}.Debug|Any CPU.ActiveCfg = Debug|Any CPU
		{5885D753-17D5-47F5-9695-AE379F692614}.Debug|Any CPU.Build.0 = Debug|Any CPU
		{5885D753-17D5-47F5-9695-AE379F692614}.Release|Any CPU.ActiveCfg = Release|Any CPU
		{5885D753-17D5-47F5-9695-AE379F692614}.Release|Any CPU.Build.0 = Release|Any CPU
	EndGlobalSection
	GlobalSection(SolutionProperties) = preSolution
		HideSolutionNode = FALSE
	EndGlobalSection
	GlobalSection(ExtensibilityGlobals) = postSolution
		SolutionGuid = {584E8B0F-8AB4-4864-BA1F-03E57FCB6676}
	EndGlobalSection
EndGlobal
