
Microsoft Visual Studio Solution File, Format Version 12.00
# Visual Studio Version 16
VisualStudioVersion = 16.0.33529.622
MinimumVisualStudioVersion = 10.0.40219.1
Project("{FAE04EC0-301F-11D3-BF4B-00C04F79EFBC}") = "lista", "lista\lista.csproj", "{BB43263D-19EE-4D6E-804D-322F91805586}"
EndProject
Global
	GlobalSection(SolutionConfigurationPlatforms) = preSolution
		Debug|Any CPU = Debug|Any CPU
		Release|Any CPU = Release|Any CPU
	EndGlobalSection
	GlobalSection(ProjectConfigurationPlatforms) = postSolution
		{BB43263D-19EE-4D6E-804D-322F91805586}.Debug|Any CPU.ActiveCfg = Debug|Any CPU
		{BB43263D-19EE-4D6E-804D-322F91805586}.Debug|Any CPU.Build.0 = Debug|Any CPU
		{BB43263D-19EE-4D6E-804D-322F91805586}.Release|Any CPU.ActiveCfg = Release|Any CPU
		{BB43263D-19EE-4D6E-804D-322F91805586}.Release|Any CPU.Build.0 = Release|Any CPU
	EndGlobalSection
	GlobalSection(SolutionProperties) = preSolution
		HideSolutionNode = FALSE
	EndGlobalSection
	GlobalSection(ExtensibilityGlobals) = postSolution
		SolutionGuid = {5E2987BC-AA44-4F7C-91CC-242DBAF2A95A}
	EndGlobalSection
EndGlobal
