
Microsoft Visual Studio Solution File, Format Version 12.00
# Visual Studio Version 17
VisualStudioVersion = 17.7.34202.233
MinimumVisualStudioVersion = 10.0.40219.1
Project("{FAE04EC0-301F-11D3-BF4B-00C04F79EFBC}") = "karacsonyiGUI", "karacsonyiGUI\karacsonyiGUI.csproj", "{A49BEB78-5B35-403A-9BC5-63C91C331A4E}"
EndProject
Global
	GlobalSection(SolutionConfigurationPlatforms) = preSolution
		Debug|Any CPU = Debug|Any CPU
		Release|Any CPU = Release|Any CPU
	EndGlobalSection
	GlobalSection(ProjectConfigurationPlatforms) = postSolution
		{A49BEB78-5B35-403A-9BC5-63C91C331A4E}.Debug|Any CPU.ActiveCfg = Debug|Any CPU
		{A49BEB78-5B35-403A-9BC5-63C91C331A4E}.Debug|Any CPU.Build.0 = Debug|Any CPU
		{A49BEB78-5B35-403A-9BC5-63C91C331A4E}.Release|Any CPU.ActiveCfg = Release|Any CPU
		{A49BEB78-5B35-403A-9BC5-63C91C331A4E}.Release|Any CPU.Build.0 = Release|Any CPU
	EndGlobalSection
	GlobalSection(SolutionProperties) = preSolution
		HideSolutionNode = FALSE
	EndGlobalSection
	GlobalSection(ExtensibilityGlobals) = postSolution
		SolutionGuid = {5EDE116E-2DB6-4A20-842A-1056CD868263}
	EndGlobalSection
EndGlobal
