
Microsoft Visual Studio Solution File, Format Version 12.00
# Visual Studio Version 17
VisualStudioVersion = 17.5.33530.505
MinimumVisualStudioVersion = 10.0.40219.1
Project("{FAE04EC0-301F-11D3-BF4B-00C04F79EFBC}") = "metszet", "metszet\metszet.csproj", "{797DFA72-D5E7-4CB6-A20C-44D1BA9D449D}"
EndProject
Global
	GlobalSection(SolutionConfigurationPlatforms) = preSolution
		Debug|Any CPU = Debug|Any CPU
		Release|Any CPU = Release|Any CPU
	EndGlobalSection
	GlobalSection(ProjectConfigurationPlatforms) = postSolution
		{797DFA72-D5E7-4CB6-A20C-44D1BA9D449D}.Debug|Any CPU.ActiveCfg = Debug|Any CPU
		{797DFA72-D5E7-4CB6-A20C-44D1BA9D449D}.Debug|Any CPU.Build.0 = Debug|Any CPU
		{797DFA72-D5E7-4CB6-A20C-44D1BA9D449D}.Release|Any CPU.ActiveCfg = Release|Any CPU
		{797DFA72-D5E7-4CB6-A20C-44D1BA9D449D}.Release|Any CPU.Build.0 = Release|Any CPU
	EndGlobalSection
	GlobalSection(SolutionProperties) = preSolution
		HideSolutionNode = FALSE
	EndGlobalSection
	GlobalSection(ExtensibilityGlobals) = postSolution
		SolutionGuid = {44984720-7F5A-4949-92D1-0FA40F7BFC33}
	EndGlobalSection
EndGlobal
