
Microsoft Visual Studio Solution File, Format Version 12.00
# Visual Studio Version 17
VisualStudioVersion = 17.7.34202.233
MinimumVisualStudioVersion = 10.0.40219.1
Project("{FAE04EC0-301F-11D3-BF4B-00C04F79EFBC}") = "cbradio", "cbradio\cbradio.csproj", "{76685015-AAFD-4411-B43B-F6B6A3687244}"
EndProject
Global
	GlobalSection(SolutionConfigurationPlatforms) = preSolution
		Debug|Any CPU = Debug|Any CPU
		Release|Any CPU = Release|Any CPU
	EndGlobalSection
	GlobalSection(ProjectConfigurationPlatforms) = postSolution
		{76685015-AAFD-4411-B43B-F6B6A3687244}.Debug|Any CPU.ActiveCfg = Debug|Any CPU
		{76685015-AAFD-4411-B43B-F6B6A3687244}.Debug|Any CPU.Build.0 = Debug|Any CPU
		{76685015-AAFD-4411-B43B-F6B6A3687244}.Release|Any CPU.ActiveCfg = Release|Any CPU
		{76685015-AAFD-4411-B43B-F6B6A3687244}.Release|Any CPU.Build.0 = Release|Any CPU
	EndGlobalSection
	GlobalSection(SolutionProperties) = preSolution
		HideSolutionNode = FALSE
	EndGlobalSection
	GlobalSection(ExtensibilityGlobals) = postSolution
		SolutionGuid = {C8A2A08A-D014-4F31-BF18-ACF644BEFBB7}
	EndGlobalSection
EndGlobal
