
Microsoft Visual Studio Solution File, Format Version 12.00
# Visual Studio Version 17
VisualStudioVersion = 17.5.33530.505
MinimumVisualStudioVersion = 10.0.40219.1
Project("{FAE04EC0-301F-11D3-BF4B-00C04F79EFBC}") = "nobelgrapic", "nobelgrapic\nobelgrapic.csproj", "{A1E2A5DE-F50C-4724-80E9-6A772A75CFC7}"
EndProject
Global
	GlobalSection(SolutionConfigurationPlatforms) = preSolution
		Debug|Any CPU = Debug|Any CPU
		Release|Any CPU = Release|Any CPU
	EndGlobalSection
	GlobalSection(ProjectConfigurationPlatforms) = postSolution
		{A1E2A5DE-F50C-4724-80E9-6A772A75CFC7}.Debug|Any CPU.ActiveCfg = Debug|Any CPU
		{A1E2A5DE-F50C-4724-80E9-6A772A75CFC7}.Debug|Any CPU.Build.0 = Debug|Any CPU
		{A1E2A5DE-F50C-4724-80E9-6A772A75CFC7}.Release|Any CPU.ActiveCfg = Release|Any CPU
		{A1E2A5DE-F50C-4724-80E9-6A772A75CFC7}.Release|Any CPU.Build.0 = Release|Any CPU
	EndGlobalSection
	GlobalSection(SolutionProperties) = preSolution
		HideSolutionNode = FALSE
	EndGlobalSection
	GlobalSection(ExtensibilityGlobals) = postSolution
		SolutionGuid = {2F13CE5D-A349-4757-83FF-D20375491104}
	EndGlobalSection
EndGlobal
