
Microsoft Visual Studio Solution File, Format Version 12.00
# Visual Studio Version 17
VisualStudioVersion = 17.7.34031.279
MinimumVisualStudioVersion = 10.0.40219.1
Project("{FAE04EC0-301F-11D3-BF4B-00C04F79EFBC}") = "Boxing_unboxing", "Boxing_unboxing\Boxing_unboxing.csproj", "{AC21349C-1A75-4832-9F05-E6A9B2114F58}"
EndProject
Global
	GlobalSection(SolutionConfigurationPlatforms) = preSolution
		Debug|Any CPU = Debug|Any CPU
		Release|Any CPU = Release|Any CPU
	EndGlobalSection
	GlobalSection(ProjectConfigurationPlatforms) = postSolution
		{AC21349C-1A75-4832-9F05-E6A9B2114F58}.Debug|Any CPU.ActiveCfg = Debug|Any CPU
		{AC21349C-1A75-4832-9F05-E6A9B2114F58}.Debug|Any CPU.Build.0 = Debug|Any CPU
		{AC21349C-1A75-4832-9F05-E6A9B2114F58}.Release|Any CPU.ActiveCfg = Release|Any CPU
		{AC21349C-1A75-4832-9F05-E6A9B2114F58}.Release|Any CPU.Build.0 = Release|Any CPU
	EndGlobalSection
	GlobalSection(SolutionProperties) = preSolution
		HideSolutionNode = FALSE
	EndGlobalSection
	GlobalSection(ExtensibilityGlobals) = postSolution
		SolutionGuid = {8D3BEF28-AD11-4931-88E1-49728F09A8A3}
	EndGlobalSection
EndGlobal
