
Microsoft Visual Studio Solution File, Format Version 12.00
# Visual Studio Version 16
VisualStudioVersion = 16.0.34114.132
MinimumVisualStudioVersion = 10.0.40219.1
Project("{FAE04EC0-301F-11D3-BF4B-00C04F79EFBC}") = "dolgozat1", "dolgozat1\dolgozat1.csproj", "{A1283C26-298D-4149-B48A-D91606204D8E}"
EndProject
Global
	GlobalSection(SolutionConfigurationPlatforms) = preSolution
		Debug|Any CPU = Debug|Any CPU
		Release|Any CPU = Release|Any CPU
	EndGlobalSection
	GlobalSection(ProjectConfigurationPlatforms) = postSolution
		{A1283C26-298D-4149-B48A-D91606204D8E}.Debug|Any CPU.ActiveCfg = Debug|Any CPU
		{A1283C26-298D-4149-B48A-D91606204D8E}.Debug|Any CPU.Build.0 = Debug|Any CPU
		{A1283C26-298D-4149-B48A-D91606204D8E}.Release|Any CPU.ActiveCfg = Release|Any CPU
		{A1283C26-298D-4149-B48A-D91606204D8E}.Release|Any CPU.Build.0 = Release|Any CPU
	EndGlobalSection
	GlobalSection(SolutionProperties) = preSolution
		HideSolutionNode = FALSE
	EndGlobalSection
	GlobalSection(ExtensibilityGlobals) = postSolution
		SolutionGuid = {6107BF5A-5EAB-4878-B6A3-0E255D7DFEFE}
	EndGlobalSection
EndGlobal
