
Microsoft Visual Studio Solution File, Format Version 12.00
# Visual Studio Version 16
VisualStudioVersion = 16.0.34114.132
MinimumVisualStudioVersion = 10.0.40219.1
Project("{FAE04EC0-301F-11D3-BF4B-00C04F79EFBC}") = "Sor", "Sor\Sor.csproj", "{7155EDB9-B972-4B4E-BC17-54D293BF883A}"
EndProject
Global
	GlobalSection(SolutionConfigurationPlatforms) = preSolution
		Debug|Any CPU = Debug|Any CPU
		Release|Any CPU = Release|Any CPU
	EndGlobalSection
	GlobalSection(ProjectConfigurationPlatforms) = postSolution
		{7155EDB9-B972-4B4E-BC17-54D293BF883A}.Debug|Any CPU.ActiveCfg = Debug|Any CPU
		{7155EDB9-B972-4B4E-BC17-54D293BF883A}.Debug|Any CPU.Build.0 = Debug|Any CPU
		{7155EDB9-B972-4B4E-BC17-54D293BF883A}.Release|Any CPU.ActiveCfg = Release|Any CPU
		{7155EDB9-B972-4B4E-BC17-54D293BF883A}.Release|Any CPU.Build.0 = Release|Any CPU
	EndGlobalSection
	GlobalSection(SolutionProperties) = preSolution
		HideSolutionNode = FALSE
	EndGlobalSection
	GlobalSection(ExtensibilityGlobals) = postSolution
		SolutionGuid = {D5F71263-9CF4-450B-8879-715722FF35CF}
	EndGlobalSection
EndGlobal
