
Microsoft Visual Studio Solution File, Format Version 12.00
# Visual Studio Version 16
VisualStudioVersion = 16.0.33529.622
MinimumVisualStudioVersion = 10.0.40219.1
Project("{FAE04EC0-301F-11D3-BF4B-00C04F79EFBC}") = "Gyak", "Gyak\Gyak.csproj", "{BD42189C-C0F9-4143-9AC7-22A42C634B0F}"
EndProject
Global
	GlobalSection(SolutionConfigurationPlatforms) = preSolution
		Debug|Any CPU = Debug|Any CPU
		Release|Any CPU = Release|Any CPU
	EndGlobalSection
	GlobalSection(ProjectConfigurationPlatforms) = postSolution
		{BD42189C-C0F9-4143-9AC7-22A42C634B0F}.Debug|Any CPU.ActiveCfg = Debug|Any CPU
		{BD42189C-C0F9-4143-9AC7-22A42C634B0F}.Debug|Any CPU.Build.0 = Debug|Any CPU
		{BD42189C-C0F9-4143-9AC7-22A42C634B0F}.Release|Any CPU.ActiveCfg = Release|Any CPU
		{BD42189C-C0F9-4143-9AC7-22A42C634B0F}.Release|Any CPU.Build.0 = Release|Any CPU
	EndGlobalSection
	GlobalSection(SolutionProperties) = preSolution
		HideSolutionNode = FALSE
	EndGlobalSection
	GlobalSection(ExtensibilityGlobals) = postSolution
		SolutionGuid = {C17D3409-873D-4309-BA13-54778BC3B3E9}
	EndGlobalSection
EndGlobal
