
Microsoft Visual Studio Solution File, Format Version 12.00
# Visual Studio Version 17
VisualStudioVersion = 17.5.33530.505
MinimumVisualStudioVersion = 10.0.40219.1
Project("{FAE04EC0-301F-11D3-BF4B-00C04F79EFBC}") = "UnitTest", "UnitTest\UnitTest.csproj", "{A2279A9C-5C55-45BF-8324-4B5958277DB8}"
EndProject
Global
	GlobalSection(SolutionConfigurationPlatforms) = preSolution
		Debug|Any CPU = Debug|Any CPU
		Release|Any CPU = Release|Any CPU
	EndGlobalSection
	GlobalSection(ProjectConfigurationPlatforms) = postSolution
		{A2279A9C-5C55-45BF-8324-4B5958277DB8}.Debug|Any CPU.ActiveCfg = Debug|Any CPU
		{A2279A9C-5C55-45BF-8324-4B5958277DB8}.Debug|Any CPU.Build.0 = Debug|Any CPU
		{A2279A9C-5C55-45BF-8324-4B5958277DB8}.Release|Any CPU.ActiveCfg = Release|Any CPU
		{A2279A9C-5C55-45BF-8324-4B5958277DB8}.Release|Any CPU.Build.0 = Release|Any CPU
	EndGlobalSection
	GlobalSection(SolutionProperties) = preSolution
		HideSolutionNode = FALSE
	EndGlobalSection
	GlobalSection(ExtensibilityGlobals) = postSolution
		SolutionGuid = {6E4724F9-28F6-4FCB-87AB-0242B0CFE139}
	EndGlobalSection
EndGlobal
