
Microsoft Visual Studio Solution File, Format Version 12.00
# Visual Studio Version 16
VisualStudioVersion = 16.0.34114.132
MinimumVisualStudioVersion = 10.0.40219.1
Project("{FAE04EC0-301F-11D3-BF4B-00C04F79EFBC}") = "OraiMunka", "OraiMunka\OraiMunka.csproj", "{7C65501F-3114-4142-AED1-9E2C42FF9A17}"
EndProject
Global
	GlobalSection(SolutionConfigurationPlatforms) = preSolution
		Debug|Any CPU = Debug|Any CPU
		Release|Any CPU = Release|Any CPU
	EndGlobalSection
	GlobalSection(ProjectConfigurationPlatforms) = postSolution
		{7C65501F-3114-4142-AED1-9E2C42FF9A17}.Debug|Any CPU.ActiveCfg = Debug|Any CPU
		{7C65501F-3114-4142-AED1-9E2C42FF9A17}.Debug|Any CPU.Build.0 = Debug|Any CPU
		{7C65501F-3114-4142-AED1-9E2C42FF9A17}.Release|Any CPU.ActiveCfg = Release|Any CPU
		{7C65501F-3114-4142-AED1-9E2C42FF9A17}.Release|Any CPU.Build.0 = Release|Any CPU
	EndGlobalSection
	GlobalSection(SolutionProperties) = preSolution
		HideSolutionNode = FALSE
	EndGlobalSection
	GlobalSection(ExtensibilityGlobals) = postSolution
		SolutionGuid = {B8A8A45A-1AB6-4CC8-A001-A78394E46E4A}
	EndGlobalSection
EndGlobal
