
Microsoft Visual Studio Solution File, Format Version 12.00
# Visual Studio Version 17
VisualStudioVersion = 17.7.34202.233
MinimumVisualStudioVersion = 10.0.40219.1
Project("{FAE04EC0-301F-11D3-BF4B-00C04F79EFBC}") = "property-1", "property-1\property-1.csproj", "{A85EB5C8-D305-4C25-A410-D9A6117A3D03}"
EndProject
Global
	GlobalSection(SolutionConfigurationPlatforms) = preSolution
		Debug|Any CPU = Debug|Any CPU
		Release|Any CPU = Release|Any CPU
	EndGlobalSection
	GlobalSection(ProjectConfigurationPlatforms) = postSolution
		{A85EB5C8-D305-4C25-A410-D9A6117A3D03}.Debug|Any CPU.ActiveCfg = Debug|Any CPU
		{A85EB5C8-D305-4C25-A410-D9A6117A3D03}.Debug|Any CPU.Build.0 = Debug|Any CPU
		{A85EB5C8-D305-4C25-A410-D9A6117A3D03}.Release|Any CPU.ActiveCfg = Release|Any CPU
		{A85EB5C8-D305-4C25-A410-D9A6117A3D03}.Release|Any CPU.Build.0 = Release|Any CPU
	EndGlobalSection
	GlobalSection(SolutionProperties) = preSolution
		HideSolutionNode = FALSE
	EndGlobalSection
	GlobalSection(ExtensibilityGlobals) = postSolution
		SolutionGuid = {4CD97BD2-1641-4976-82D3-BEECB6D7FDBC}
	EndGlobalSection
EndGlobal
