
Microsoft Visual Studio Solution File, Format Version 12.00
# Visual Studio Version 17
VisualStudioVersion = 17.7.34202.233
MinimumVisualStudioVersion = 10.0.40219.1
Project("{FAE04EC0-301F-11D3-BF4B-00C04F79EFBC}") = "ConsoleApp1", "ConsoleApp1\ConsoleApp1.csproj", "{F1BC553D-4646-465C-8D46-BE0CC15F88EA}"
EndProject
Global
	GlobalSection(SolutionConfigurationPlatforms) = preSolution
		Debug|Any CPU = Debug|Any CPU
		Release|Any CPU = Release|Any CPU
	EndGlobalSection
	GlobalSection(ProjectConfigurationPlatforms) = postSolution
		{F1BC553D-4646-465C-8D46-BE0CC15F88EA}.Debug|Any CPU.ActiveCfg = Debug|Any CPU
		{F1BC553D-4646-465C-8D46-BE0CC15F88EA}.Debug|Any CPU.Build.0 = Debug|Any CPU
		{F1BC553D-4646-465C-8D46-BE0CC15F88EA}.Release|Any CPU.ActiveCfg = Release|Any CPU
		{F1BC553D-4646-465C-8D46-BE0CC15F88EA}.Release|Any CPU.Build.0 = Release|Any CPU
	EndGlobalSection
	GlobalSection(SolutionProperties) = preSolution
		HideSolutionNode = FALSE
	EndGlobalSection
	GlobalSection(ExtensibilityGlobals) = postSolution
		SolutionGuid = {2C3DB8D0-FB15-435E-A01A-C0E14B7C736E}
	EndGlobalSection
EndGlobal
