
Microsoft Visual Studio Solution File, Format Version 12.00
# Visual Studio Version 17
VisualStudioVersion = 17.7.34202.233
MinimumVisualStudioVersion = 10.0.40219.1
Project("{FAE04EC0-301F-11D3-BF4B-00C04F79EFBC}") = "NevezetesAlgoritmusok", "NevezetesAlgoritmusok\NevezetesAlgoritmusok.csproj", "{B1119BE5-95A4-4016-953E-BC863E163C25}"
EndProject
Global
	GlobalSection(SolutionConfigurationPlatforms) = preSolution
		Debug|Any CPU = Debug|Any CPU
		Release|Any CPU = Release|Any CPU
	EndGlobalSection
	GlobalSection(ProjectConfigurationPlatforms) = postSolution
		{B1119BE5-95A4-4016-953E-BC863E163C25}.Debug|Any CPU.ActiveCfg = Debug|Any CPU
		{B1119BE5-95A4-4016-953E-BC863E163C25}.Debug|Any CPU.Build.0 = Debug|Any CPU
		{B1119BE5-95A4-4016-953E-BC863E163C25}.Release|Any CPU.ActiveCfg = Release|Any CPU
		{B1119BE5-95A4-4016-953E-BC863E163C25}.Release|Any CPU.Build.0 = Release|Any CPU
	EndGlobalSection
	GlobalSection(SolutionProperties) = preSolution
		HideSolutionNode = FALSE
	EndGlobalSection
	GlobalSection(ExtensibilityGlobals) = postSolution
		SolutionGuid = {AB910227-86FC-40E7-A1E2-6AA8001D50BC}
	EndGlobalSection
EndGlobal
