
Microsoft Visual Studio Solution File, Format Version 12.00
# Visual Studio Version 17
VisualStudioVersion = 17.7.34202.233
MinimumVisualStudioVersion = 10.0.40219.1
Project("{FAE04EC0-301F-11D3-BF4B-00C04F79EFBC}") = "BukkMaraton2019", "BukkMaraton2019\BukkMaraton2019.csproj", "{AF68A9A3-EDCD-492D-8DB5-AFAF88DD0AE4}"
EndProject
Global
	GlobalSection(SolutionConfigurationPlatforms) = preSolution
		Debug|Any CPU = Debug|Any CPU
		Release|Any CPU = Release|Any CPU
	EndGlobalSection
	GlobalSection(ProjectConfigurationPlatforms) = postSolution
		{AF68A9A3-EDCD-492D-8DB5-AFAF88DD0AE4}.Debug|Any CPU.ActiveCfg = Debug|Any CPU
		{AF68A9A3-EDCD-492D-8DB5-AFAF88DD0AE4}.Debug|Any CPU.Build.0 = Debug|Any CPU
		{AF68A9A3-EDCD-492D-8DB5-AFAF88DD0AE4}.Release|Any CPU.ActiveCfg = Release|Any CPU
		{AF68A9A3-EDCD-492D-8DB5-AFAF88DD0AE4}.Release|Any CPU.Build.0 = Release|Any CPU
	EndGlobalSection
	GlobalSection(SolutionProperties) = preSolution
		HideSolutionNode = FALSE
	EndGlobalSection
	GlobalSection(ExtensibilityGlobals) = postSolution
		SolutionGuid = {0A146F48-1F5F-476A-A73E-AD15FC62B22B}
	EndGlobalSection
EndGlobal
