
Microsoft Visual Studio Solution File, Format Version 12.00
# Visual Studio Version 16
VisualStudioVersion = 16.0.34114.132
MinimumVisualStudioVersion = 10.0.40219.1
Project("{FAE04EC0-301F-11D3-BF4B-00C04F79EFBC}") = "halmaz", "halmaz\halmaz.csproj", "{AEE51B17-5AB7-4DBB-B4B3-2BEC69E9DB7F}"
EndProject
Global
	GlobalSection(SolutionConfigurationPlatforms) = preSolution
		Debug|Any CPU = Debug|Any CPU
		Release|Any CPU = Release|Any CPU
	EndGlobalSection
	GlobalSection(ProjectConfigurationPlatforms) = postSolution
		{AEE51B17-5AB7-4DBB-B4B3-2BEC69E9DB7F}.Debug|Any CPU.ActiveCfg = Debug|Any CPU
		{AEE51B17-5AB7-4DBB-B4B3-2BEC69E9DB7F}.Debug|Any CPU.Build.0 = Debug|Any CPU
		{AEE51B17-5AB7-4DBB-B4B3-2BEC69E9DB7F}.Release|Any CPU.ActiveCfg = Release|Any CPU
		{AEE51B17-5AB7-4DBB-B4B3-2BEC69E9DB7F}.Release|Any CPU.Build.0 = Release|Any CPU
	EndGlobalSection
	GlobalSection(SolutionProperties) = preSolution
		HideSolutionNode = FALSE
	EndGlobalSection
	GlobalSection(ExtensibilityGlobals) = postSolution
		SolutionGuid = {465B7811-DC91-4276-87A6-44DB16CB803D}
	EndGlobalSection
EndGlobal
