
Microsoft Visual Studio Solution File, Format Version 12.00
# Visual Studio Version 17
VisualStudioVersion = 17.7.34202.233
MinimumVisualStudioVersion = 10.0.40219.1
Project("{FAE04EC0-301F-11D3-BF4B-00C04F79EFBC}") = "Iskola", "Iskola\Iskola.csproj", "{DF63F465-F99A-402D-B9C4-9E031CD6217D}"
EndProject
Project("{FAE04EC0-301F-11D3-BF4B-00C04F79EFBC}") = "IskolaGUI", "IskolaGUI\IskolaGUI.csproj", "{D30EFE72-D5B9-4C07-9E34-21D809845C45}"
EndProject
Global
	GlobalSection(SolutionConfigurationPlatforms) = preSolution
		Debug|Any CPU = Debug|Any CPU
		Release|Any CPU = Release|Any CPU
	EndGlobalSection
	GlobalSection(ProjectConfigurationPlatforms) = postSolution
		{DF63F465-F99A-402D-B9C4-9E031CD6217D}.Debug|Any CPU.ActiveCfg = Debug|Any CPU
		{DF63F465-F99A-402D-B9C4-9E031CD6217D}.Debug|Any CPU.Build.0 = Debug|Any CPU
		{DF63F465-F99A-402D-B9C4-9E031CD6217D}.Release|Any CPU.ActiveCfg = Release|Any CPU
		{DF63F465-F99A-402D-B9C4-9E031CD6217D}.Release|Any CPU.Build.0 = Release|Any CPU
		{D30EFE72-D5B9-4C07-9E34-21D809845C45}.Debug|Any CPU.ActiveCfg = Debug|Any CPU
		{D30EFE72-D5B9-4C07-9E34-21D809845C45}.Debug|Any CPU.Build.0 = Debug|Any CPU
		{D30EFE72-D5B9-4C07-9E34-21D809845C45}.Release|Any CPU.ActiveCfg = Release|Any CPU
		{D30EFE72-D5B9-4C07-9E34-21D809845C45}.Release|Any CPU.Build.0 = Release|Any CPU
	EndGlobalSection
	GlobalSection(SolutionProperties) = preSolution
		HideSolutionNode = FALSE
	EndGlobalSection
	GlobalSection(ExtensibilityGlobals) = postSolution
		SolutionGuid = {CD838323-922B-4EC9-B24D-3308D735B01B}
	EndGlobalSection
EndGlobal
