
Microsoft Visual Studio Solution File, Format Version 12.00
# Visual Studio Version 17
VisualStudioVersion = 17.7.34202.233
MinimumVisualStudioVersion = 10.0.40219.1
Project("{FAE04EC0-301F-11D3-BF4B-00C04F79EFBC}") = "IskolaGUI", "IskolaGUI\IskolaGUI.csproj", "{949A5B8B-50DB-4DB8-BA1A-F30B6A0B551B}"
EndProject
Global
	GlobalSection(SolutionConfigurationPlatforms) = preSolution
		Debug|Any CPU = Debug|Any CPU
		Release|Any CPU = Release|Any CPU
	EndGlobalSection
	GlobalSection(ProjectConfigurationPlatforms) = postSolution
		{949A5B8B-50DB-4DB8-BA1A-F30B6A0B551B}.Debug|Any CPU.ActiveCfg = Debug|Any CPU
		{949A5B8B-50DB-4DB8-BA1A-F30B6A0B551B}.Debug|Any CPU.Build.0 = Debug|Any CPU
		{949A5B8B-50DB-4DB8-BA1A-F30B6A0B551B}.Release|Any CPU.ActiveCfg = Release|Any CPU
		{949A5B8B-50DB-4DB8-BA1A-F30B6A0B551B}.Release|Any CPU.Build.0 = Release|Any CPU
	EndGlobalSection
	GlobalSection(SolutionProperties) = preSolution
		HideSolutionNode = FALSE
	EndGlobalSection
	GlobalSection(ExtensibilityGlobals) = postSolution
		SolutionGuid = {806C884D-B1C5-4D3E-8225-72602562EADC}
	EndGlobalSection
EndGlobal
