
Microsoft Visual Studio Solution File, Format Version 12.00
# Visual Studio Version 16
VisualStudioVersion = 16.0.33529.622
MinimumVisualStudioVersion = 10.0.40219.1
Project("{FAE04EC0-301F-11D3-BF4B-00C04F79EFBC}") = "verem", "verem\verem.csproj", "{CA078553-D92F-419F-8ADA-B8F9CD54DCE5}"
EndProject
Global
	GlobalSection(SolutionConfigurationPlatforms) = preSolution
		Debug|Any CPU = Debug|Any CPU
		Release|Any CPU = Release|Any CPU
	EndGlobalSection
	GlobalSection(ProjectConfigurationPlatforms) = postSolution
		{CA078553-D92F-419F-8ADA-B8F9CD54DCE5}.Debug|Any CPU.ActiveCfg = Debug|Any CPU
		{CA078553-D92F-419F-8ADA-B8F9CD54DCE5}.Debug|Any CPU.Build.0 = Debug|Any CPU
		{CA078553-D92F-419F-8ADA-B8F9CD54DCE5}.Release|Any CPU.ActiveCfg = Release|Any CPU
		{CA078553-D92F-419F-8ADA-B8F9CD54DCE5}.Release|Any CPU.Build.0 = Release|Any CPU
	EndGlobalSection
	GlobalSection(SolutionProperties) = preSolution
		HideSolutionNode = FALSE
	EndGlobalSection
	GlobalSection(ExtensibilityGlobals) = postSolution
		SolutionGuid = {251B96F0-1956-4D04-9E07-756E0AAB40AF}
	EndGlobalSection
EndGlobal
