
Microsoft Visual Studio Solution File, Format Version 12.00
# Visual Studio Version 17
VisualStudioVersion = 17.7.34202.233
MinimumVisualStudioVersion = 10.0.40219.1
Project("{FAE04EC0-301F-11D3-BF4B-00C04F79EFBC}") = "TestProject1", "TestProject1\TestProject1.csproj", "{3C11BB1C-47A8-434F-A73B-D7B215CE36A4}"
EndProject
Global
	GlobalSection(SolutionConfigurationPlatforms) = preSolution
		Debug|Any CPU = Debug|Any CPU
		Release|Any CPU = Release|Any CPU
	EndGlobalSection
	GlobalSection(ProjectConfigurationPlatforms) = postSolution
		{3C11BB1C-47A8-434F-A73B-D7B215CE36A4}.Debug|Any CPU.ActiveCfg = Debug|Any CPU
		{3C11BB1C-47A8-434F-A73B-D7B215CE36A4}.Debug|Any CPU.Build.0 = Debug|Any CPU
		{3C11BB1C-47A8-434F-A73B-D7B215CE36A4}.Release|Any CPU.ActiveCfg = Release|Any CPU
		{3C11BB1C-47A8-434F-A73B-D7B215CE36A4}.Release|Any CPU.Build.0 = Release|Any CPU
	EndGlobalSection
	GlobalSection(SolutionProperties) = preSolution
		HideSolutionNode = FALSE
	EndGlobalSection
	GlobalSection(ExtensibilityGlobals) = postSolution
		SolutionGuid = {EF917496-EA79-4F3A-AC70-D80586D8D6D8}
	EndGlobalSection
EndGlobal
