
Microsoft Visual Studio Solution File, Format Version 12.00
# Visual Studio Version 17
VisualStudioVersion = 17.7.34202.233
MinimumVisualStudioVersion = 10.0.40219.1
Project("{FAE04EC0-301F-11D3-BF4B-00C04F79EFBC}") = "karacsony", "karacsony\karacsony.csproj", "{E538B31B-C94F-4917-B5D2-3FDEC72591B0}"
EndProject
Global
	GlobalSection(SolutionConfigurationPlatforms) = preSolution
		Debug|Any CPU = Debug|Any CPU
		Release|Any CPU = Release|Any CPU
	EndGlobalSection
	GlobalSection(ProjectConfigurationPlatforms) = postSolution
		{E538B31B-C94F-4917-B5D2-3FDEC72591B0}.Debug|Any CPU.ActiveCfg = Debug|Any CPU
		{E538B31B-C94F-4917-B5D2-3FDEC72591B0}.Debug|Any CPU.Build.0 = Debug|Any CPU
		{E538B31B-C94F-4917-B5D2-3FDEC72591B0}.Release|Any CPU.ActiveCfg = Release|Any CPU
		{E538B31B-C94F-4917-B5D2-3FDEC72591B0}.Release|Any CPU.Build.0 = Release|Any CPU
	EndGlobalSection
	GlobalSection(SolutionProperties) = preSolution
		HideSolutionNode = FALSE
	EndGlobalSection
	GlobalSection(ExtensibilityGlobals) = postSolution
		SolutionGuid = {FC706D31-B9E5-48C5-971D-9B7DA79C5C20}
	EndGlobalSection
EndGlobal
