
Microsoft Visual Studio Solution File, Format Version 12.00
# Visual Studio Version 16
VisualStudioVersion = 16.0.34114.132
MinimumVisualStudioVersion = 10.0.40219.1
Project("{FAE04EC0-301F-11D3-BF4B-00C04F79EFBC}") = "Lista2", "Lista2\Lista2.csproj", "{58D65D6B-9C6D-4570-9DA8-38B8052D0460}"
EndProject
Global
	GlobalSection(SolutionConfigurationPlatforms) = preSolution
		Debug|Any CPU = Debug|Any CPU
		Release|Any CPU = Release|Any CPU
	EndGlobalSection
	GlobalSection(ProjectConfigurationPlatforms) = postSolution
		{58D65D6B-9C6D-4570-9DA8-38B8052D0460}.Debug|Any CPU.ActiveCfg = Debug|Any CPU
		{58D65D6B-9C6D-4570-9DA8-38B8052D0460}.Debug|Any CPU.Build.0 = Debug|Any CPU
		{58D65D6B-9C6D-4570-9DA8-38B8052D0460}.Release|Any CPU.ActiveCfg = Release|Any CPU
		{58D65D6B-9C6D-4570-9DA8-38B8052D0460}.Release|Any CPU.Build.0 = Release|Any CPU
	EndGlobalSection
	GlobalSection(SolutionProperties) = preSolution
		HideSolutionNode = FALSE
	EndGlobalSection
	GlobalSection(ExtensibilityGlobals) = postSolution
		SolutionGuid = {CAE75AC8-2A89-4B7E-B1B6-6AB186A2B511}
	EndGlobalSection
EndGlobal
