
Microsoft Visual Studio Solution File, Format Version 12.00
# Visual Studio Version 16
VisualStudioVersion = 16.0.34114.132
MinimumVisualStudioVersion = 10.0.40219.1
Project("{FAE04EC0-301F-11D3-BF4B-00C04F79EFBC}") = "ellenorzott_adatbekeres", "ellenorzott_adatbekeres\ellenorzott_adatbekeres.csproj", "{D7A2665C-AC27-4EBB-994B-34BBFADEE0D2}"
EndProject
Global
	GlobalSection(SolutionConfigurationPlatforms) = preSolution
		Debug|Any CPU = Debug|Any CPU
		Release|Any CPU = Release|Any CPU
	EndGlobalSection
	GlobalSection(ProjectConfigurationPlatforms) = postSolution
		{D7A2665C-AC27-4EBB-994B-34BBFADEE0D2}.Debug|Any CPU.ActiveCfg = Debug|Any CPU
		{D7A2665C-AC27-4EBB-994B-34BBFADEE0D2}.Debug|Any CPU.Build.0 = Debug|Any CPU
		{D7A2665C-AC27-4EBB-994B-34BBFADEE0D2}.Release|Any CPU.ActiveCfg = Release|Any CPU
		{D7A2665C-AC27-4EBB-994B-34BBFADEE0D2}.Release|Any CPU.Build.0 = Release|Any CPU
	EndGlobalSection
	GlobalSection(SolutionProperties) = preSolution
		HideSolutionNode = FALSE
	EndGlobalSection
	GlobalSection(ExtensibilityGlobals) = postSolution
		SolutionGuid = {FB607FF7-EF14-48E5-BDA2-DF7DD5FC0B36}
	EndGlobalSection
EndGlobal
