
Microsoft Visual Studio Solution File, Format Version 12.00
# Visual Studio Version 16
VisualStudioVersion = 16.0.34114.132
MinimumVisualStudioVersion = 10.0.40219.1
Project("{FAE04EC0-301F-11D3-BF4B-00C04F79EFBC}") = "Dolgozat1", "Dolgozat1\Dolgozat1.csproj", "{4792BB8A-E25A-4F68-9664-BC07EA9A13B0}"
EndProject
Global
	GlobalSection(SolutionConfigurationPlatforms) = preSolution
		Debug|Any CPU = Debug|Any CPU
		Release|Any CPU = Release|Any CPU
	EndGlobalSection
	GlobalSection(ProjectConfigurationPlatforms) = postSolution
		{4792BB8A-E25A-4F68-9664-BC07EA9A13B0}.Debug|Any CPU.ActiveCfg = Debug|Any CPU
		{4792BB8A-E25A-4F68-9664-BC07EA9A13B0}.Debug|Any CPU.Build.0 = Debug|Any CPU
		{4792BB8A-E25A-4F68-9664-BC07EA9A13B0}.Release|Any CPU.ActiveCfg = Release|Any CPU
		{4792BB8A-E25A-4F68-9664-BC07EA9A13B0}.Release|Any CPU.Build.0 = Release|Any CPU
	EndGlobalSection
	GlobalSection(SolutionProperties) = preSolution
		HideSolutionNode = FALSE
	EndGlobalSection
	GlobalSection(ExtensibilityGlobals) = postSolution
		SolutionGuid = {968E3559-3058-4E99-BF45-759DFB8A693D}
	EndGlobalSection
EndGlobal
