
Microsoft Visual Studio Solution File, Format Version 12.00
# Visual Studio Version 17
VisualStudioVersion = 17.5.33530.505
MinimumVisualStudioVersion = 10.0.40219.1
Project("{FAE04EC0-301F-11D3-BF4B-00C04F79EFBC}") = "OOP1", "OOP1\OOP1.csproj", "{89404F26-FAF8-4B4C-A1BF-D0D9B90FE44D}"
EndProject
Global
	GlobalSection(SolutionConfigurationPlatforms) = preSolution
		Debug|Any CPU = Debug|Any CPU
		Release|Any CPU = Release|Any CPU
	EndGlobalSection
	GlobalSection(ProjectConfigurationPlatforms) = postSolution
		{89404F26-FAF8-4B4C-A1BF-D0D9B90FE44D}.Debug|Any CPU.ActiveCfg = Debug|Any CPU
		{89404F26-FAF8-4B4C-A1BF-D0D9B90FE44D}.Debug|Any CPU.Build.0 = Debug|Any CPU
		{89404F26-FAF8-4B4C-A1BF-D0D9B90FE44D}.Release|Any CPU.ActiveCfg = Release|Any CPU
		{89404F26-FAF8-4B4C-A1BF-D0D9B90FE44D}.Release|Any CPU.Build.0 = Release|Any CPU
	EndGlobalSection
	GlobalSection(SolutionProperties) = preSolution
		HideSolutionNode = FALSE
	EndGlobalSection
	GlobalSection(ExtensibilityGlobals) = postSolution
		SolutionGuid = {9909174D-1245-4FC3-9F08-016C0646EDE6}
	EndGlobalSection
EndGlobal
