
Microsoft Visual Studio Solution File, Format Version 12.00
# Visual Studio Version 16
VisualStudioVersion = 16.0.34114.132
MinimumVisualStudioVersion = 10.0.40219.1
Project("{FAE04EC0-301F-11D3-BF4B-00C04F79EFBC}") = "oraiiaiaiaiiaiai", "oraiiaiaiaiiaiai\oraiiaiaiaiiaiai.csproj", "{CED7C221-A191-4875-A522-1554F78E696C}"
EndProject
Global
	GlobalSection(SolutionConfigurationPlatforms) = preSolution
		Debug|Any CPU = Debug|Any CPU
		Release|Any CPU = Release|Any CPU
	EndGlobalSection
	GlobalSection(ProjectConfigurationPlatforms) = postSolution
		{CED7C221-A191-4875-A522-1554F78E696C}.Debug|Any CPU.ActiveCfg = Debug|Any CPU
		{CED7C221-A191-4875-A522-1554F78E696C}.Debug|Any CPU.Build.0 = Debug|Any CPU
		{CED7C221-A191-4875-A522-1554F78E696C}.Release|Any CPU.ActiveCfg = Release|Any CPU
		{CED7C221-A191-4875-A522-1554F78E696C}.Release|Any CPU.Build.0 = Release|Any CPU
	EndGlobalSection
	GlobalSection(SolutionProperties) = preSolution
		HideSolutionNode = FALSE
	EndGlobalSection
	GlobalSection(ExtensibilityGlobals) = postSolution
		SolutionGuid = {8A59E010-C9B1-49D5-9A7A-DF4B7387AB7F}
	EndGlobalSection
EndGlobal
