
Microsoft Visual Studio Solution File, Format Version 12.00
# Visual Studio Version 16
VisualStudioVersion = 16.0.34114.132
MinimumVisualStudioVersion = 10.0.40219.1
Project("{FAE04EC0-301F-11D3-BF4B-00C04F79EFBC}") = "gyakorlasX+1", "gyakorlasX+1\gyakorlasX+1.csproj", "{04751027-54DB-4058-BC5A-9AF0275B4813}"
EndProject
Global
	GlobalSection(SolutionConfigurationPlatforms) = preSolution
		Debug|Any CPU = Debug|Any CPU
		Release|Any CPU = Release|Any CPU
	EndGlobalSection
	GlobalSection(ProjectConfigurationPlatforms) = postSolution
		{04751027-54DB-4058-BC5A-9AF0275B4813}.Debug|Any CPU.ActiveCfg = Debug|Any CPU
		{04751027-54DB-4058-BC5A-9AF0275B4813}.Debug|Any CPU.Build.0 = Debug|Any CPU
		{04751027-54DB-4058-BC5A-9AF0275B4813}.Release|Any CPU.ActiveCfg = Release|Any CPU
		{04751027-54DB-4058-BC5A-9AF0275B4813}.Release|Any CPU.Build.0 = Release|Any CPU
	EndGlobalSection
	GlobalSection(SolutionProperties) = preSolution
		HideSolutionNode = FALSE
	EndGlobalSection
	GlobalSection(ExtensibilityGlobals) = postSolution
		SolutionGuid = {8AAF08C5-1BF7-47A4-8A45-0E117396AA2E}
	EndGlobalSection
EndGlobal
