
Microsoft Visual Studio Solution File, Format Version 12.00
# Visual Studio Version 17
VisualStudioVersion = 17.6.33723.286
MinimumVisualStudioVersion = 10.0.40219.1
Project("{FAE04EC0-301F-11D3-BF4B-00C04F79EFBC}") = "_09_25", "_09_25\_09_25.csproj", "{3A989E0F-886A-40F2-8D86-DCA740C3F354}"
EndProject
Global
	GlobalSection(SolutionConfigurationPlatforms) = preSolution
		Debug|Any CPU = Debug|Any CPU
		Release|Any CPU = Release|Any CPU
	EndGlobalSection
	GlobalSection(ProjectConfigurationPlatforms) = postSolution
		{3A989E0F-886A-40F2-8D86-DCA740C3F354}.Debug|Any CPU.ActiveCfg = Debug|Any CPU
		{3A989E0F-886A-40F2-8D86-DCA740C3F354}.Debug|Any CPU.Build.0 = Debug|Any CPU
		{3A989E0F-886A-40F2-8D86-DCA740C3F354}.Release|Any CPU.ActiveCfg = Release|Any CPU
		{3A989E0F-886A-40F2-8D86-DCA740C3F354}.Release|Any CPU.Build.0 = Release|Any CPU
	EndGlobalSection
	GlobalSection(SolutionProperties) = preSolution
		HideSolutionNode = FALSE
	EndGlobalSection
	GlobalSection(ExtensibilityGlobals) = postSolution
		SolutionGuid = {E1E32822-5088-4154-982B-B6EED789F118}
	EndGlobalSection
EndGlobal
