
Microsoft Visual Studio Solution File, Format Version 12.00
# Visual Studio Version 17
VisualStudioVersion = 17.7.34202.233
MinimumVisualStudioVersion = 10.0.40219.1
Project("{FAE04EC0-301F-11D3-BF4B-00C04F79EFBC}") = "karacsonyi_diszek1", "karacsonyi_diszek1.csproj", "{1D3F8618-008D-457C-AF20-BDD62DC49EB8}"
EndProject
Global
	GlobalSection(SolutionConfigurationPlatforms) = preSolution
		Debug|Any CPU = Debug|Any CPU
		Release|Any CPU = Release|Any CPU
	EndGlobalSection
	GlobalSection(ProjectConfigurationPlatforms) = postSolution
		{1D3F8618-008D-457C-AF20-BDD62DC49EB8}.Debug|Any CPU.ActiveCfg = Debug|Any CPU
		{1D3F8618-008D-457C-AF20-BDD62DC49EB8}.Debug|Any CPU.Build.0 = Debug|Any CPU
		{1D3F8618-008D-457C-AF20-BDD62DC49EB8}.Release|Any CPU.ActiveCfg = Release|Any CPU
		{1D3F8618-008D-457C-AF20-BDD62DC49EB8}.Release|Any CPU.Build.0 = Release|Any CPU
	EndGlobalSection
	GlobalSection(SolutionProperties) = preSolution
		HideSolutionNode = FALSE
	EndGlobalSection
	GlobalSection(ExtensibilityGlobals) = postSolution
		SolutionGuid = {7AA4E2F0-D114-4F4D-B036-61DA2CD2B560}
	EndGlobalSection
EndGlobal
