
Microsoft Visual Studio Solution File, Format Version 12.00
# Visual Studio Version 17
VisualStudioVersion = 17.7.34202.233
MinimumVisualStudioVersion = 10.0.40219.1
Project("{FAE04EC0-301F-11D3-BF4B-00C04F79EFBC}") = "TotoGUI", "TotoGUI\TotoGUI.csproj", "{20E77D10-AE38-4A95-B82F-A9E985FDAF7C}"
EndProject
Global
	GlobalSection(SolutionConfigurationPlatforms) = preSolution
		Debug|Any CPU = Debug|Any CPU
		Release|Any CPU = Release|Any CPU
	EndGlobalSection
	GlobalSection(ProjectConfigurationPlatforms) = postSolution
		{20E77D10-AE38-4A95-B82F-A9E985FDAF7C}.Debug|Any CPU.ActiveCfg = Debug|Any CPU
		{20E77D10-AE38-4A95-B82F-A9E985FDAF7C}.Debug|Any CPU.Build.0 = Debug|Any CPU
		{20E77D10-AE38-4A95-B82F-A9E985FDAF7C}.Release|Any CPU.ActiveCfg = Release|Any CPU
		{20E77D10-AE38-4A95-B82F-A9E985FDAF7C}.Release|Any CPU.Build.0 = Release|Any CPU
	EndGlobalSection
	GlobalSection(SolutionProperties) = preSolution
		HideSolutionNode = FALSE
	EndGlobalSection
	GlobalSection(ExtensibilityGlobals) = postSolution
		SolutionGuid = {5813B792-B8E0-4670-B4B2-70AB45E6224E}
	EndGlobalSection
EndGlobal
