
Microsoft Visual Studio Solution File, Format Version 12.00
# Visual Studio Version 16
VisualStudioVersion = 16.0.33529.622
MinimumVisualStudioVersion = 10.0.40219.1
Project("{FAE04EC0-301F-11D3-BF4B-00C04F79EFBC}") = "sor", "sor\sor.csproj", "{0003D063-69D5-4EA9-AE02-3C5EC83F1076}"
EndProject
Global
	GlobalSection(SolutionConfigurationPlatforms) = preSolution
		Debug|Any CPU = Debug|Any CPU
		Release|Any CPU = Release|Any CPU
	EndGlobalSection
	GlobalSection(ProjectConfigurationPlatforms) = postSolution
		{0003D063-69D5-4EA9-AE02-3C5EC83F1076}.Debug|Any CPU.ActiveCfg = Debug|Any CPU
		{0003D063-69D5-4EA9-AE02-3C5EC83F1076}.Debug|Any CPU.Build.0 = Debug|Any CPU
		{0003D063-69D5-4EA9-AE02-3C5EC83F1076}.Release|Any CPU.ActiveCfg = Release|Any CPU
		{0003D063-69D5-4EA9-AE02-3C5EC83F1076}.Release|Any CPU.Build.0 = Release|Any CPU
	EndGlobalSection
	GlobalSection(SolutionProperties) = preSolution
		HideSolutionNode = FALSE
	EndGlobalSection
	GlobalSection(ExtensibilityGlobals) = postSolution
		SolutionGuid = {12356CCC-5992-4FF4-AD52-C960B98296FE}
	EndGlobalSection
EndGlobal
