
Microsoft Visual Studio Solution File, Format Version 12.00
# Visual Studio Version 16
VisualStudioVersion = 16.0.33529.622
MinimumVisualStudioVersion = 10.0.40219.1
Project("{FAE04EC0-301F-11D3-BF4B-00C04F79EFBC}") = "kimenetiváltozó", "kimenetiváltozó\kimenetiváltozó.csproj", "{6B2BC01E-A0FC-44D0-87D6-F89D56747EC1}"
EndProject
Global
	GlobalSection(SolutionConfigurationPlatforms) = preSolution
		Debug|Any CPU = Debug|Any CPU
		Release|Any CPU = Release|Any CPU
	EndGlobalSection
	GlobalSection(ProjectConfigurationPlatforms) = postSolution
		{6B2BC01E-A0FC-44D0-87D6-F89D56747EC1}.Debug|Any CPU.ActiveCfg = Debug|Any CPU
		{6B2BC01E-A0FC-44D0-87D6-F89D56747EC1}.Debug|Any CPU.Build.0 = Debug|Any CPU
		{6B2BC01E-A0FC-44D0-87D6-F89D56747EC1}.Release|Any CPU.ActiveCfg = Release|Any CPU
		{6B2BC01E-A0FC-44D0-87D6-F89D56747EC1}.Release|Any CPU.Build.0 = Release|Any CPU
	EndGlobalSection
	GlobalSection(SolutionProperties) = preSolution
		HideSolutionNode = FALSE
	EndGlobalSection
	GlobalSection(ExtensibilityGlobals) = postSolution
		SolutionGuid = {C5A9020D-8414-44B4-A973-6247E6BF8D41}
	EndGlobalSection
EndGlobal
