
Microsoft Visual Studio Solution File, Format Version 12.00
# Visual Studio Version 16
VisualStudioVersion = 16.0.33529.622
MinimumVisualStudioVersion = 10.0.40219.1
Project("{FAE04EC0-301F-11D3-BF4B-00C04F79EFBC}") = "halmaz", "halmaz\halmaz.csproj", "{4DE728E7-6EA8-47F3-A618-A4407B451032}"
EndProject
Global
	GlobalSection(SolutionConfigurationPlatforms) = preSolution
		Debug|Any CPU = Debug|Any CPU
		Release|Any CPU = Release|Any CPU
	EndGlobalSection
	GlobalSection(ProjectConfigurationPlatforms) = postSolution
		{4DE728E7-6EA8-47F3-A618-A4407B451032}.Debug|Any CPU.ActiveCfg = Debug|Any CPU
		{4DE728E7-6EA8-47F3-A618-A4407B451032}.Debug|Any CPU.Build.0 = Debug|Any CPU
		{4DE728E7-6EA8-47F3-A618-A4407B451032}.Release|Any CPU.ActiveCfg = Release|Any CPU
		{4DE728E7-6EA8-47F3-A618-A4407B451032}.Release|Any CPU.Build.0 = Release|Any CPU
	EndGlobalSection
	GlobalSection(SolutionProperties) = preSolution
		HideSolutionNode = FALSE
	EndGlobalSection
	GlobalSection(ExtensibilityGlobals) = postSolution
		SolutionGuid = {8F828E0C-65E7-4C7E-B54B-39C66BE720B6}
	EndGlobalSection
EndGlobal
