
Microsoft Visual Studio Solution File, Format Version 12.00
# Visual Studio Version 17
VisualStudioVersion = 17.5.33530.505
MinimumVisualStudioVersion = 10.0.40219.1
Project("{FAE04EC0-301F-11D3-BF4B-00C04F79EFBC}") = "lista", "lista\lista.csproj", "{4C344F2C-EA98-4C7A-80A2-2C443BEC7FB1}"
EndProject
Global
	GlobalSection(SolutionConfigurationPlatforms) = preSolution
		Debug|Any CPU = Debug|Any CPU
		Release|Any CPU = Release|Any CPU
	EndGlobalSection
	GlobalSection(ProjectConfigurationPlatforms) = postSolution
		{4C344F2C-EA98-4C7A-80A2-2C443BEC7FB1}.Debug|Any CPU.ActiveCfg = Debug|Any CPU
		{4C344F2C-EA98-4C7A-80A2-2C443BEC7FB1}.Debug|Any CPU.Build.0 = Debug|Any CPU
		{4C344F2C-EA98-4C7A-80A2-2C443BEC7FB1}.Release|Any CPU.ActiveCfg = Release|Any CPU
		{4C344F2C-EA98-4C7A-80A2-2C443BEC7FB1}.Release|Any CPU.Build.0 = Release|Any CPU
	EndGlobalSection
	GlobalSection(SolutionProperties) = preSolution
		HideSolutionNode = FALSE
	EndGlobalSection
	GlobalSection(ExtensibilityGlobals) = postSolution
		SolutionGuid = {278EAB68-B2B4-4C82-9A5E-603C2ABC3B5A}
	EndGlobalSection
EndGlobal
