
Microsoft Visual Studio Solution File, Format Version 12.00
# Visual Studio Version 17
VisualStudioVersion = 17.7.34202.233
MinimumVisualStudioVersion = 10.0.40219.1
Project("{FAE04EC0-301F-11D3-BF4B-00C04F79EFBC}") = "Toto", "Toto\Toto.csproj", "{2F187B7C-092E-4CD2-9868-107B967ABACF}"
EndProject
Global
	GlobalSection(SolutionConfigurationPlatforms) = preSolution
		Debug|Any CPU = Debug|Any CPU
		Release|Any CPU = Release|Any CPU
	EndGlobalSection
	GlobalSection(ProjectConfigurationPlatforms) = postSolution
		{2F187B7C-092E-4CD2-9868-107B967ABACF}.Debug|Any CPU.ActiveCfg = Debug|Any CPU
		{2F187B7C-092E-4CD2-9868-107B967ABACF}.Debug|Any CPU.Build.0 = Debug|Any CPU
		{2F187B7C-092E-4CD2-9868-107B967ABACF}.Release|Any CPU.ActiveCfg = Release|Any CPU
		{2F187B7C-092E-4CD2-9868-107B967ABACF}.Release|Any CPU.Build.0 = Release|Any CPU
	EndGlobalSection
	GlobalSection(SolutionProperties) = preSolution
		HideSolutionNode = FALSE
	EndGlobalSection
	GlobalSection(ExtensibilityGlobals) = postSolution
		SolutionGuid = {5A3D4C46-7A75-4904-A82E-1B3AC32093E8}
	EndGlobalSection
EndGlobal
