
Microsoft Visual Studio Solution File, Format Version 12.00
# Visual Studio Version 17
VisualStudioVersion = 17.7.34202.233
MinimumVisualStudioVersion = 10.0.40219.1
Project("{FAE04EC0-301F-11D3-BF4B-00C04F79EFBC}") = "CRUD", "CRUD\CRUD.csproj", "{D68FA4E2-06AB-4E51-8061-A8B138A5E0E8}"
EndProject
Global
	GlobalSection(SolutionConfigurationPlatforms) = preSolution
		Debug|Any CPU = Debug|Any CPU
		Release|Any CPU = Release|Any CPU
	EndGlobalSection
	GlobalSection(ProjectConfigurationPlatforms) = postSolution
		{D68FA4E2-06AB-4E51-8061-A8B138A5E0E8}.Debug|Any CPU.ActiveCfg = Debug|Any CPU
		{D68FA4E2-06AB-4E51-8061-A8B138A5E0E8}.Debug|Any CPU.Build.0 = Debug|Any CPU
		{D68FA4E2-06AB-4E51-8061-A8B138A5E0E8}.Release|Any CPU.ActiveCfg = Release|Any CPU
		{D68FA4E2-06AB-4E51-8061-A8B138A5E0E8}.Release|Any CPU.Build.0 = Release|Any CPU
	EndGlobalSection
	GlobalSection(SolutionProperties) = preSolution
		HideSolutionNode = FALSE
	EndGlobalSection
	GlobalSection(ExtensibilityGlobals) = postSolution
		SolutionGuid = {F942FC97-DAD5-4388-86CE-E15D735D1197}
	EndGlobalSection
EndGlobal
