
Microsoft Visual Studio Solution File, Format Version 12.00
# Visual Studio Version 17
VisualStudioVersion = 17.5.33530.505
MinimumVisualStudioVersion = 10.0.40219.1
Project("{FAE04EC0-301F-11D3-BF4B-00C04F79EFBC}") = "Ember_class", "Ember_class\Ember_class.csproj", "{3EF6318D-C808-4F23-82A6-5D42785DF73F}"
EndProject
Global
	GlobalSection(SolutionConfigurationPlatforms) = preSolution
		Debug|Any CPU = Debug|Any CPU
		Release|Any CPU = Release|Any CPU
	EndGlobalSection
	GlobalSection(ProjectConfigurationPlatforms) = postSolution
		{3EF6318D-C808-4F23-82A6-5D42785DF73F}.Debug|Any CPU.ActiveCfg = Debug|Any CPU
		{3EF6318D-C808-4F23-82A6-5D42785DF73F}.Debug|Any CPU.Build.0 = Debug|Any CPU
		{3EF6318D-C808-4F23-82A6-5D42785DF73F}.Release|Any CPU.ActiveCfg = Release|Any CPU
		{3EF6318D-C808-4F23-82A6-5D42785DF73F}.Release|Any CPU.Build.0 = Release|Any CPU
	EndGlobalSection
	GlobalSection(SolutionProperties) = preSolution
		HideSolutionNode = FALSE
	EndGlobalSection
	GlobalSection(ExtensibilityGlobals) = postSolution
		SolutionGuid = {6E16672A-1E3B-4044-8D75-C14530748047}
	EndGlobalSection
EndGlobal
