
Microsoft Visual Studio Solution File, Format Version 12.00
# Visual Studio Version 16
VisualStudioVersion = 16.0.34114.132
MinimumVisualStudioVersion = 10.0.40219.1
Project("{FAE04EC0-301F-11D3-BF4B-00C04F79EFBC}") = "gyakorlashe", "gyakorlashe\gyakorlashe.csproj", "{1A001465-86A6-49D6-B490-BA7F3BE19FFC}"
EndProject
Global
	GlobalSection(SolutionConfigurationPlatforms) = preSolution
		Debug|Any CPU = Debug|Any CPU
		Release|Any CPU = Release|Any CPU
	EndGlobalSection
	GlobalSection(ProjectConfigurationPlatforms) = postSolution
		{1A001465-86A6-49D6-B490-BA7F3BE19FFC}.Debug|Any CPU.ActiveCfg = Debug|Any CPU
		{1A001465-86A6-49D6-B490-BA7F3BE19FFC}.Debug|Any CPU.Build.0 = Debug|Any CPU
		{1A001465-86A6-49D6-B490-BA7F3BE19FFC}.Release|Any CPU.ActiveCfg = Release|Any CPU
		{1A001465-86A6-49D6-B490-BA7F3BE19FFC}.Release|Any CPU.Build.0 = Release|Any CPU
	EndGlobalSection
	GlobalSection(SolutionProperties) = preSolution
		HideSolutionNode = FALSE
	EndGlobalSection
	GlobalSection(ExtensibilityGlobals) = postSolution
		SolutionGuid = {77A89110-5AC2-47AE-8055-D9BACF2B7618}
	EndGlobalSection
EndGlobal
