
Microsoft Visual Studio Solution File, Format Version 12.00
# Visual Studio Version 16
VisualStudioVersion = 16.0.33529.622
MinimumVisualStudioVersion = 10.0.40219.1
Project("{FAE04EC0-301F-11D3-BF4B-00C04F79EFBC}") = "osszegzo", "osszegzo\osszegzo.csproj", "{FDDBEF1C-E1DE-4E09-8F15-7CA0E5ED9701}"
EndProject
Global
	GlobalSection(SolutionConfigurationPlatforms) = preSolution
		Debug|Any CPU = Debug|Any CPU
		Release|Any CPU = Release|Any CPU
	EndGlobalSection
	GlobalSection(ProjectConfigurationPlatforms) = postSolution
		{FDDBEF1C-E1DE-4E09-8F15-7CA0E5ED9701}.Debug|Any CPU.ActiveCfg = Debug|Any CPU
		{FDDBEF1C-E1DE-4E09-8F15-7CA0E5ED9701}.Debug|Any CPU.Build.0 = Debug|Any CPU
		{FDDBEF1C-E1DE-4E09-8F15-7CA0E5ED9701}.Release|Any CPU.ActiveCfg = Release|Any CPU
		{FDDBEF1C-E1DE-4E09-8F15-7CA0E5ED9701}.Release|Any CPU.Build.0 = Release|Any CPU
	EndGlobalSection
	GlobalSection(SolutionProperties) = preSolution
		HideSolutionNode = FALSE
	EndGlobalSection
	GlobalSection(ExtensibilityGlobals) = postSolution
		SolutionGuid = {6AB41CF9-14D2-4844-A66D-40350A933E88}
	EndGlobalSection
EndGlobal
