
Microsoft Visual Studio Solution File, Format Version 12.00
# Visual Studio Version 16
VisualStudioVersion = 16.0.33529.622
MinimumVisualStudioVersion = 10.0.40219.1
Project("{FAE04EC0-301F-11D3-BF4B-00C04F79EFBC}") = "lista", "lista\lista.csproj", "{12316F85-0294-4E28-BC40-2EDC0ECD2796}"
EndProject
Global
	GlobalSection(SolutionConfigurationPlatforms) = preSolution
		Debug|Any CPU = Debug|Any CPU
		Release|Any CPU = Release|Any CPU
	EndGlobalSection
	GlobalSection(ProjectConfigurationPlatforms) = postSolution
		{12316F85-0294-4E28-BC40-2EDC0ECD2796}.Debug|Any CPU.ActiveCfg = Debug|Any CPU
		{12316F85-0294-4E28-BC40-2EDC0ECD2796}.Debug|Any CPU.Build.0 = Debug|Any CPU
		{12316F85-0294-4E28-BC40-2EDC0ECD2796}.Release|Any CPU.ActiveCfg = Release|Any CPU
		{12316F85-0294-4E28-BC40-2EDC0ECD2796}.Release|Any CPU.Build.0 = Release|Any CPU
	EndGlobalSection
	GlobalSection(SolutionProperties) = preSolution
		HideSolutionNode = FALSE
	EndGlobalSection
	GlobalSection(ExtensibilityGlobals) = postSolution
		SolutionGuid = {208CDBFE-35FE-4017-965D-A0FF76379F58}
	EndGlobalSection
EndGlobal
