
Microsoft Visual Studio Solution File, Format Version 12.00
# Visual Studio Version 17
VisualStudioVersion = 17.7.34202.233
MinimumVisualStudioVersion = 10.0.40219.1
Project("{FAE04EC0-301F-11D3-BF4B-00C04F79EFBC}") = "bukkmaraton_wpf", "bukkmaraton_wpf.csproj", "{C6FC0727-A624-499E-9977-DAADAEB507DD}"
EndProject
Global
	GlobalSection(SolutionConfigurationPlatforms) = preSolution
		Debug|Any CPU = Debug|Any CPU
		Release|Any CPU = Release|Any CPU
	EndGlobalSection
	GlobalSection(ProjectConfigurationPlatforms) = postSolution
		{C6FC0727-A624-499E-9977-DAADAEB507DD}.Debug|Any CPU.ActiveCfg = Debug|Any CPU
		{C6FC0727-A624-499E-9977-DAADAEB507DD}.Debug|Any CPU.Build.0 = Debug|Any CPU
		{C6FC0727-A624-499E-9977-DAADAEB507DD}.Release|Any CPU.ActiveCfg = Release|Any CPU
		{C6FC0727-A624-499E-9977-DAADAEB507DD}.Release|Any CPU.Build.0 = Release|Any CPU
	EndGlobalSection
	GlobalSection(SolutionProperties) = preSolution
		HideSolutionNode = FALSE
	EndGlobalSection
	GlobalSection(ExtensibilityGlobals) = postSolution
		SolutionGuid = {451CDF6B-906E-48A4-8803-065C59A8498D}
	EndGlobalSection
EndGlobal
