
Microsoft Visual Studio Solution File, Format Version 12.00
# Visual Studio Version 17
VisualStudioVersion = 17.5.33530.505
MinimumVisualStudioVersion = 10.0.40219.1
Project("{FAE04EC0-301F-11D3-BF4B-00C04F79EFBC}") = "unit_test_course", "unit_test_course\unit_test_course.csproj", "{EDFF8597-6B3A-4284-AC01-6A06F895CC85}"
EndProject
Global
	GlobalSection(SolutionConfigurationPlatforms) = preSolution
		Debug|Any CPU = Debug|Any CPU
		Release|Any CPU = Release|Any CPU
	EndGlobalSection
	GlobalSection(ProjectConfigurationPlatforms) = postSolution
		{EDFF8597-6B3A-4284-AC01-6A06F895CC85}.Debug|Any CPU.ActiveCfg = Debug|Any CPU
		{EDFF8597-6B3A-4284-AC01-6A06F895CC85}.Debug|Any CPU.Build.0 = Debug|Any CPU
		{EDFF8597-6B3A-4284-AC01-6A06F895CC85}.Release|Any CPU.ActiveCfg = Release|Any CPU
		{EDFF8597-6B3A-4284-AC01-6A06F895CC85}.Release|Any CPU.Build.0 = Release|Any CPU
	EndGlobalSection
	GlobalSection(SolutionProperties) = preSolution
		HideSolutionNode = FALSE
	EndGlobalSection
	GlobalSection(ExtensibilityGlobals) = postSolution
		SolutionGuid = {ADDDD22C-DFD7-4705-B8AF-27FD74A6760D}
	EndGlobalSection
EndGlobal
