
Microsoft Visual Studio Solution File, Format Version 12.00
# Visual Studio Version 17
VisualStudioVersion = 17.8.34322.80
MinimumVisualStudioVersion = 10.0.40219.1
Project("{FAE04EC0-301F-11D3-BF4B-00C04F79EFBC}") = "Interface", "Interface\Interface.csproj", "{E55F73B6-E9BD-405A-9872-49F7A6959C0B}"
EndProject
Global
	GlobalSection(SolutionConfigurationPlatforms) = preSolution
		Debug|Any CPU = Debug|Any CPU
		Release|Any CPU = Release|Any CPU
	EndGlobalSection
	GlobalSection(ProjectConfigurationPlatforms) = postSolution
		{E55F73B6-E9BD-405A-9872-49F7A6959C0B}.Debug|Any CPU.ActiveCfg = Debug|Any CPU
		{E55F73B6-E9BD-405A-9872-49F7A6959C0B}.Debug|Any CPU.Build.0 = Debug|Any CPU
		{E55F73B6-E9BD-405A-9872-49F7A6959C0B}.Release|Any CPU.ActiveCfg = Release|Any CPU
		{E55F73B6-E9BD-405A-9872-49F7A6959C0B}.Release|Any CPU.Build.0 = Release|Any CPU
	EndGlobalSection
	GlobalSection(SolutionProperties) = preSolution
		HideSolutionNode = FALSE
	EndGlobalSection
	GlobalSection(ExtensibilityGlobals) = postSolution
		SolutionGuid = {4ADE2D33-AD50-4E8C-9846-F3956CC4DC17}
	EndGlobalSection
EndGlobal
