
Microsoft Visual Studio Solution File, Format Version 12.00
# Visual Studio Version 17
VisualStudioVersion = 17.7.34202.233
MinimumVisualStudioVersion = 10.0.40219.1
Project("{FAE04EC0-301F-11D3-BF4B-00C04F79EFBC}") = "BükkMaraton2019GUI_2", "BükkMaraton2019GUI_2\BükkMaraton2019GUI_2.csproj", "{1F716A2F-D20F-4D8F-BD2D-852D59BEBAB0}"
EndProject
Global
	GlobalSection(SolutionConfigurationPlatforms) = preSolution
		Debug|Any CPU = Debug|Any CPU
		Release|Any CPU = Release|Any CPU
	EndGlobalSection
	GlobalSection(ProjectConfigurationPlatforms) = postSolution
		{1F716A2F-D20F-4D8F-BD2D-852D59BEBAB0}.Debug|Any CPU.ActiveCfg = Debug|Any CPU
		{1F716A2F-D20F-4D8F-BD2D-852D59BEBAB0}.Debug|Any CPU.Build.0 = Debug|Any CPU
		{1F716A2F-D20F-4D8F-BD2D-852D59BEBAB0}.Release|Any CPU.ActiveCfg = Release|Any CPU
		{1F716A2F-D20F-4D8F-BD2D-852D59BEBAB0}.Release|Any CPU.Build.0 = Release|Any CPU
	EndGlobalSection
	GlobalSection(SolutionProperties) = preSolution
		HideSolutionNode = FALSE
	EndGlobalSection
	GlobalSection(ExtensibilityGlobals) = postSolution
		SolutionGuid = {643BEB18-BC3B-4B18-AF5E-79FA10E404DB}
	EndGlobalSection
EndGlobal
