
Microsoft Visual Studio Solution File, Format Version 12.00
# Visual Studio Version 17
VisualStudioVersion = 17.7.34202.233
MinimumVisualStudioVersion = 10.0.40219.1
Project("{FAE04EC0-301F-11D3-BF4B-00C04F79EFBC}") = "OOP_Orokles", "OOP_Orokles\OOP_Orokles.csproj", "{B7DEA9FF-36FC-4EB0-B25C-4BFF1F7E3E88}"
EndProject
Global
	GlobalSection(SolutionConfigurationPlatforms) = preSolution
		Debug|Any CPU = Debug|Any CPU
		Release|Any CPU = Release|Any CPU
	EndGlobalSection
	GlobalSection(ProjectConfigurationPlatforms) = postSolution
		{B7DEA9FF-36FC-4EB0-B25C-4BFF1F7E3E88}.Debug|Any CPU.ActiveCfg = Debug|Any CPU
		{B7DEA9FF-36FC-4EB0-B25C-4BFF1F7E3E88}.Debug|Any CPU.Build.0 = Debug|Any CPU
		{B7DEA9FF-36FC-4EB0-B25C-4BFF1F7E3E88}.Release|Any CPU.ActiveCfg = Release|Any CPU
		{B7DEA9FF-36FC-4EB0-B25C-4BFF1F7E3E88}.Release|Any CPU.Build.0 = Release|Any CPU
	EndGlobalSection
	GlobalSection(SolutionProperties) = preSolution
		HideSolutionNode = FALSE
	EndGlobalSection
	GlobalSection(ExtensibilityGlobals) = postSolution
		SolutionGuid = {DD25B31E-FE6F-4E19-9AD3-8FDBC12A0C86}
	EndGlobalSection
EndGlobal
