
Microsoft Visual Studio Solution File, Format Version 12.00
# Visual Studio Version 16
VisualStudioVersion = 16.0.34114.132
MinimumVisualStudioVersion = 10.0.40219.1
Project("{FAE04EC0-301F-11D3-BF4B-00C04F79EFBC}") = "gyakorlasokba", "gyakorlasokba\gyakorlasokba.csproj", "{0B2495C2-3FEA-4CFC-9513-6AAA8475803F}"
EndProject
Global
	GlobalSection(SolutionConfigurationPlatforms) = preSolution
		Debug|Any CPU = Debug|Any CPU
		Release|Any CPU = Release|Any CPU
	EndGlobalSection
	GlobalSection(ProjectConfigurationPlatforms) = postSolution
		{0B2495C2-3FEA-4CFC-9513-6AAA8475803F}.Debug|Any CPU.ActiveCfg = Debug|Any CPU
		{0B2495C2-3FEA-4CFC-9513-6AAA8475803F}.Debug|Any CPU.Build.0 = Debug|Any CPU
		{0B2495C2-3FEA-4CFC-9513-6AAA8475803F}.Release|Any CPU.ActiveCfg = Release|Any CPU
		{0B2495C2-3FEA-4CFC-9513-6AAA8475803F}.Release|Any CPU.Build.0 = Release|Any CPU
	EndGlobalSection
	GlobalSection(SolutionProperties) = preSolution
		HideSolutionNode = FALSE
	EndGlobalSection
	GlobalSection(ExtensibilityGlobals) = postSolution
		SolutionGuid = {543629A0-818F-43F6-B559-57B26888E3BC}
	EndGlobalSection
EndGlobal
