
Microsoft Visual Studio Solution File, Format Version 12.00
# Visual Studio Version 16
VisualStudioVersion = 16.0.33529.622
MinimumVisualStudioVersion = 10.0.40219.1
Project("{FAE04EC0-301F-11D3-BF4B-00C04F79EFBC}") = "Sudoku megoldas", "Sudoku megoldas\Sudoku megoldas.csproj", "{BB0D282D-048D-4AE0-B898-E3C5B1856B2C}"
EndProject
Global
	GlobalSection(SolutionConfigurationPlatforms) = preSolution
		Debug|Any CPU = Debug|Any CPU
		Release|Any CPU = Release|Any CPU
	EndGlobalSection
	GlobalSection(ProjectConfigurationPlatforms) = postSolution
		{BB0D282D-048D-4AE0-B898-E3C5B1856B2C}.Debug|Any CPU.ActiveCfg = Debug|Any CPU
		{BB0D282D-048D-4AE0-B898-E3C5B1856B2C}.Debug|Any CPU.Build.0 = Debug|Any CPU
		{BB0D282D-048D-4AE0-B898-E3C5B1856B2C}.Release|Any CPU.ActiveCfg = Release|Any CPU
		{BB0D282D-048D-4AE0-B898-E3C5B1856B2C}.Release|Any CPU.Build.0 = Release|Any CPU
	EndGlobalSection
	GlobalSection(SolutionProperties) = preSolution
		HideSolutionNode = FALSE
	EndGlobalSection
	GlobalSection(ExtensibilityGlobals) = postSolution
		SolutionGuid = {24316EE8-8B2F-442A-A7E6-0B25EE911577}
	EndGlobalSection
EndGlobal
