
Microsoft Visual Studio Solution File, Format Version 12.00
# Visual Studio Version 17
VisualStudioVersion = 17.7.34202.233
MinimumVisualStudioVersion = 10.0.40219.1
Project("{FAE04EC0-301F-11D3-BF4B-00C04F79EFBC}") = "NetworkUtility", "NetworkUtility.csproj", "{1F247B3B-3E33-4924-A8F1-25C428D30F7E}"
EndProject
Project("{FAE04EC0-301F-11D3-BF4B-00C04F79EFBC}") = "NetworkUtility.tests", "..\NetworkUtility.tests\NetworkUtility.tests.csproj", "{D6075C0B-CB33-452F-B189-30438A1B1E85}"
EndProject
Global
	GlobalSection(SolutionConfigurationPlatforms) = preSolution
		Debug|Any CPU = Debug|Any CPU
		Release|Any CPU = Release|Any CPU
	EndGlobalSection
	GlobalSection(ProjectConfigurationPlatforms) = postSolution
		{1F247B3B-3E33-4924-A8F1-25C428D30F7E}.Debug|Any CPU.ActiveCfg = Debug|Any CPU
		{1F247B3B-3E33-4924-A8F1-25C428D30F7E}.Debug|Any CPU.Build.0 = Debug|Any CPU
		{1F247B3B-3E33-4924-A8F1-25C428D30F7E}.Release|Any CPU.ActiveCfg = Release|Any CPU
		{1F247B3B-3E33-4924-A8F1-25C428D30F7E}.Release|Any CPU.Build.0 = Release|Any CPU
		{D6075C0B-CB33-452F-B189-30438A1B1E85}.Debug|Any CPU.ActiveCfg = Debug|Any CPU
		{D6075C0B-CB33-452F-B189-30438A1B1E85}.Debug|Any CPU.Build.0 = Debug|Any CPU
		{D6075C0B-CB33-452F-B189-30438A1B1E85}.Release|Any CPU.ActiveCfg = Release|Any CPU
		{D6075C0B-CB33-452F-B189-30438A1B1E85}.Release|Any CPU.Build.0 = Release|Any CPU
	EndGlobalSection
	GlobalSection(SolutionProperties) = preSolution
		HideSolutionNode = FALSE
	EndGlobalSection
	GlobalSection(ExtensibilityGlobals) = postSolution
		SolutionGuid = {CA85DB7A-2D26-46D8-97B0-B9D9CF431C02}
	EndGlobalSection
EndGlobal
