
Microsoft Visual Studio Solution File, Format Version 12.00
# Visual Studio Version 17
VisualStudioVersion = 17.7.34202.233
MinimumVisualStudioVersion = 10.0.40219.1
Project("{FAE04EC0-301F-11D3-BF4B-00C04F79EFBC}") = "IskolaGUI", "IskolaGUI\IskolaGUI.csproj", "{CE01E66C-F1B9-467F-A22F-221171D8FF71}"
EndProject
Global
	GlobalSection(SolutionConfigurationPlatforms) = preSolution
		Debug|Any CPU = Debug|Any CPU
		Release|Any CPU = Release|Any CPU
	EndGlobalSection
	GlobalSection(ProjectConfigurationPlatforms) = postSolution
		{CE01E66C-F1B9-467F-A22F-221171D8FF71}.Debug|Any CPU.ActiveCfg = Debug|Any CPU
		{CE01E66C-F1B9-467F-A22F-221171D8FF71}.Debug|Any CPU.Build.0 = Debug|Any CPU
		{CE01E66C-F1B9-467F-A22F-221171D8FF71}.Release|Any CPU.ActiveCfg = Release|Any CPU
		{CE01E66C-F1B9-467F-A22F-221171D8FF71}.Release|Any CPU.Build.0 = Release|Any CPU
	EndGlobalSection
	GlobalSection(SolutionProperties) = preSolution
		HideSolutionNode = FALSE
	EndGlobalSection
	GlobalSection(ExtensibilityGlobals) = postSolution
		SolutionGuid = {E06F920F-D1EE-4219-896C-1F54A48458B8}
	EndGlobalSection
EndGlobal
