
Microsoft Visual Studio Solution File, Format Version 12.00
# Visual Studio Version 17
VisualStudioVersion = 17.7.34202.233
MinimumVisualStudioVersion = 10.0.40219.1
Project("{FAE04EC0-301F-11D3-BF4B-00C04F79EFBC}") = "Delegate", "Delegate\Delegate.csproj", "{6072398C-7626-4F99-8448-DC75C88D29CD}"
EndProject
Global
	GlobalSection(SolutionConfigurationPlatforms) = preSolution
		Debug|Any CPU = Debug|Any CPU
		Release|Any CPU = Release|Any CPU
	EndGlobalSection
	GlobalSection(ProjectConfigurationPlatforms) = postSolution
		{6072398C-7626-4F99-8448-DC75C88D29CD}.Debug|Any CPU.ActiveCfg = Debug|Any CPU
		{6072398C-7626-4F99-8448-DC75C88D29CD}.Debug|Any CPU.Build.0 = Debug|Any CPU
		{6072398C-7626-4F99-8448-DC75C88D29CD}.Release|Any CPU.ActiveCfg = Release|Any CPU
		{6072398C-7626-4F99-8448-DC75C88D29CD}.Release|Any CPU.Build.0 = Release|Any CPU
	EndGlobalSection
	GlobalSection(SolutionProperties) = preSolution
		HideSolutionNode = FALSE
	EndGlobalSection
	GlobalSection(ExtensibilityGlobals) = postSolution
		SolutionGuid = {C0AF27D1-F257-4BDE-8F74-615B82B24766}
	EndGlobalSection
EndGlobal
