
Microsoft Visual Studio Solution File, Format Version 12.00
# Visual Studio Version 17
VisualStudioVersion = 17.7.34202.233
MinimumVisualStudioVersion = 10.0.40219.1
Project("{FAE04EC0-301F-11D3-BF4B-00C04F79EFBC}") = "NetworkUtility", "NetworkUtility\NetworkUtility.csproj", "{1262646B-04A9-4EC4-9AAC-598BB42B5721}"
EndProject
Project("{FAE04EC0-301F-11D3-BF4B-00C04F79EFBC}") = "NetworkUtility.Tests", "NetworkUtility.Tests\NetworkUtility.Tests.csproj", "{9687538B-C42D-4C52-A8CB-B60615B43E0A}"
EndProject
Global
	GlobalSection(SolutionConfigurationPlatforms) = preSolution
		Debug|Any CPU = Debug|Any CPU
		Release|Any CPU = Release|Any CPU
	EndGlobalSection
	GlobalSection(ProjectConfigurationPlatforms) = postSolution
		{1262646B-04A9-4EC4-9AAC-598BB42B5721}.Debug|Any CPU.ActiveCfg = Debug|Any CPU
		{1262646B-04A9-4EC4-9AAC-598BB42B5721}.Debug|Any CPU.Build.0 = Debug|Any CPU
		{1262646B-04A9-4EC4-9AAC-598BB42B5721}.Release|Any CPU.ActiveCfg = Release|Any CPU
		{1262646B-04A9-4EC4-9AAC-598BB42B5721}.Release|Any CPU.Build.0 = Release|Any CPU
		{9687538B-C42D-4C52-A8CB-B60615B43E0A}.Debug|Any CPU.ActiveCfg = Debug|Any CPU
		{9687538B-C42D-4C52-A8CB-B60615B43E0A}.Debug|Any CPU.Build.0 = Debug|Any CPU
		{9687538B-C42D-4C52-A8CB-B60615B43E0A}.Release|Any CPU.ActiveCfg = Release|Any CPU
		{9687538B-C42D-4C52-A8CB-B60615B43E0A}.Release|Any CPU.Build.0 = Release|Any CPU
	EndGlobalSection
	GlobalSection(SolutionProperties) = preSolution
		HideSolutionNode = FALSE
	EndGlobalSection
	GlobalSection(ExtensibilityGlobals) = postSolution
		SolutionGuid = {00CB9121-AE72-42FC-8563-E5A606AE3A97}
	EndGlobalSection
EndGlobal
