
Microsoft Visual Studio Solution File, Format Version 12.00
# Visual Studio Version 17
VisualStudioVersion = 17.7.34202.233
MinimumVisualStudioVersion = 10.0.40219.1
Project("{FAE04EC0-301F-11D3-BF4B-00C04F79EFBC}") = "delegate", "delegate\delegate.csproj", "{5892E787-977D-4D96-A97D-3868DE9F4F25}"
EndProject
Global
	GlobalSection(SolutionConfigurationPlatforms) = preSolution
		Debug|Any CPU = Debug|Any CPU
		Release|Any CPU = Release|Any CPU
	EndGlobalSection
	GlobalSection(ProjectConfigurationPlatforms) = postSolution
		{5892E787-977D-4D96-A97D-3868DE9F4F25}.Debug|Any CPU.ActiveCfg = Debug|Any CPU
		{5892E787-977D-4D96-A97D-3868DE9F4F25}.Debug|Any CPU.Build.0 = Debug|Any CPU
		{5892E787-977D-4D96-A97D-3868DE9F4F25}.Release|Any CPU.ActiveCfg = Release|Any CPU
		{5892E787-977D-4D96-A97D-3868DE9F4F25}.Release|Any CPU.Build.0 = Release|Any CPU
	EndGlobalSection
	GlobalSection(SolutionProperties) = preSolution
		HideSolutionNode = FALSE
	EndGlobalSection
	GlobalSection(ExtensibilityGlobals) = postSolution
		SolutionGuid = {4D04716F-EEF2-43F7-BE84-0346CCD2697D}
	EndGlobalSection
EndGlobal
