
Microsoft Visual Studio Solution File, Format Version 12.00
# Visual Studio Version 17
VisualStudioVersion = 17.8.34322.80
MinimumVisualStudioVersion = 10.0.40219.1
Project("{FAE04EC0-301F-11D3-BF4B-00C04F79EFBC}") = "delegate2", "delegate2\delegate2.csproj", "{707A0548-517A-4C07-9596-FFA56857EC88}"
EndProject
Global
	GlobalSection(SolutionConfigurationPlatforms) = preSolution
		Debug|Any CPU = Debug|Any CPU
		Release|Any CPU = Release|Any CPU
	EndGlobalSection
	GlobalSection(ProjectConfigurationPlatforms) = postSolution
		{707A0548-517A-4C07-9596-FFA56857EC88}.Debug|Any CPU.ActiveCfg = Debug|Any CPU
		{707A0548-517A-4C07-9596-FFA56857EC88}.Debug|Any CPU.Build.0 = Debug|Any CPU
		{707A0548-517A-4C07-9596-FFA56857EC88}.Release|Any CPU.ActiveCfg = Release|Any CPU
		{707A0548-517A-4C07-9596-FFA56857EC88}.Release|Any CPU.Build.0 = Release|Any CPU
	EndGlobalSection
	GlobalSection(SolutionProperties) = preSolution
		HideSolutionNode = FALSE
	EndGlobalSection
	GlobalSection(ExtensibilityGlobals) = postSolution
		SolutionGuid = {79D92FD0-795F-4A8F-9D35-A2E351D50B80}
	EndGlobalSection
EndGlobal
