
Microsoft Visual Studio Solution File, Format Version 12.00
# Visual Studio Version 16
VisualStudioVersion = 16.0.33529.622
MinimumVisualStudioVersion = 10.0.40219.1
Project("{FAE04EC0-301F-11D3-BF4B-00C04F79EFBC}") = "lista", "lista\lista.csproj", "{8A1DD1F1-F0AB-4040-9420-A6354649DADC}"
EndProject
Global
	GlobalSection(SolutionConfigurationPlatforms) = preSolution
		Debug|Any CPU = Debug|Any CPU
		Release|Any CPU = Release|Any CPU
	EndGlobalSection
	GlobalSection(ProjectConfigurationPlatforms) = postSolution
		{8A1DD1F1-F0AB-4040-9420-A6354649DADC}.Debug|Any CPU.ActiveCfg = Debug|Any CPU
		{8A1DD1F1-F0AB-4040-9420-A6354649DADC}.Debug|Any CPU.Build.0 = Debug|Any CPU
		{8A1DD1F1-F0AB-4040-9420-A6354649DADC}.Release|Any CPU.ActiveCfg = Release|Any CPU
		{8A1DD1F1-F0AB-4040-9420-A6354649DADC}.Release|Any CPU.Build.0 = Release|Any CPU
	EndGlobalSection
	GlobalSection(SolutionProperties) = preSolution
		HideSolutionNode = FALSE
	EndGlobalSection
	GlobalSection(ExtensibilityGlobals) = postSolution
		SolutionGuid = {A5151C8C-DF77-4BD7-BB91-718EC6F43E7B}
	EndGlobalSection
EndGlobal
