
Microsoft Visual Studio Solution File, Format Version 12.00
# Visual Studio Version 17
VisualStudioVersion = 17.7.34202.233
MinimumVisualStudioVersion = 10.0.40219.1
Project("{FAE04EC0-301F-11D3-BF4B-00C04F79EFBC}") = "delegateeeeee", "delegateeeeee\delegateeeeee.csproj", "{981A329A-976C-4DE1-806B-4BDDB9750DD5}"
EndProject
Global
	GlobalSection(SolutionConfigurationPlatforms) = preSolution
		Debug|Any CPU = Debug|Any CPU
		Release|Any CPU = Release|Any CPU
	EndGlobalSection
	GlobalSection(ProjectConfigurationPlatforms) = postSolution
		{981A329A-976C-4DE1-806B-4BDDB9750DD5}.Debug|Any CPU.ActiveCfg = Debug|Any CPU
		{981A329A-976C-4DE1-806B-4BDDB9750DD5}.Debug|Any CPU.Build.0 = Debug|Any CPU
		{981A329A-976C-4DE1-806B-4BDDB9750DD5}.Release|Any CPU.ActiveCfg = Release|Any CPU
		{981A329A-976C-4DE1-806B-4BDDB9750DD5}.Release|Any CPU.Build.0 = Release|Any CPU
	EndGlobalSection
	GlobalSection(SolutionProperties) = preSolution
		HideSolutionNode = FALSE
	EndGlobalSection
	GlobalSection(ExtensibilityGlobals) = postSolution
		SolutionGuid = {136ACE6D-1415-4A16-A6DC-C91B1F59C8C4}
	EndGlobalSection
EndGlobal
