
Microsoft Visual Studio Solution File, Format Version 12.00
# Visual Studio Version 16
VisualStudioVersion = 16.0.33529.622
MinimumVisualStudioVersion = 10.0.40219.1
Project("{FAE04EC0-301F-11D3-BF4B-00C04F79EFBC}") = "ConsoleApp1", "ConsoleApp1\ConsoleApp1.csproj", "{98BD80C6-CF0B-474C-A421-488495E9878F}"
EndProject
Global
	GlobalSection(SolutionConfigurationPlatforms) = preSolution
		Debug|Any CPU = Debug|Any CPU
		Release|Any CPU = Release|Any CPU
	EndGlobalSection
	GlobalSection(ProjectConfigurationPlatforms) = postSolution
		{98BD80C6-CF0B-474C-A421-488495E9878F}.Debug|Any CPU.ActiveCfg = Debug|Any CPU
		{98BD80C6-CF0B-474C-A421-488495E9878F}.Debug|Any CPU.Build.0 = Debug|Any CPU
		{98BD80C6-CF0B-474C-A421-488495E9878F}.Release|Any CPU.ActiveCfg = Release|Any CPU
		{98BD80C6-CF0B-474C-A421-488495E9878F}.Release|Any CPU.Build.0 = Release|Any CPU
	EndGlobalSection
	GlobalSection(SolutionProperties) = preSolution
		HideSolutionNode = FALSE
	EndGlobalSection
	GlobalSection(ExtensibilityGlobals) = postSolution
		SolutionGuid = {9170170C-481D-4343-B2CD-B5F514BEEFEE}
	EndGlobalSection
EndGlobal
