
Microsoft Visual Studio Solution File, Format Version 12.00
# Visual Studio Version 16
VisualStudioVersion = 16.0.33529.622
MinimumVisualStudioVersion = 10.0.40219.1
Project("{FAE04EC0-301F-11D3-BF4B-00C04F79EFBC}") = "sudokuCLI", "sudokuCLI\sudokuCLI.csproj", "{A673762F-E318-4268-90F6-35DDC3A8F368}"
EndProject
Global
	GlobalSection(SolutionConfigurationPlatforms) = preSolution
		Debug|Any CPU = Debug|Any CPU
		Release|Any CPU = Release|Any CPU
	EndGlobalSection
	GlobalSection(ProjectConfigurationPlatforms) = postSolution
		{A673762F-E318-4268-90F6-35DDC3A8F368}.Debug|Any CPU.ActiveCfg = Debug|Any CPU
		{A673762F-E318-4268-90F6-35DDC3A8F368}.Debug|Any CPU.Build.0 = Debug|Any CPU
		{A673762F-E318-4268-90F6-35DDC3A8F368}.Release|Any CPU.ActiveCfg = Release|Any CPU
		{A673762F-E318-4268-90F6-35DDC3A8F368}.Release|Any CPU.Build.0 = Release|Any CPU
	EndGlobalSection
	GlobalSection(SolutionProperties) = preSolution
		HideSolutionNode = FALSE
	EndGlobalSection
	GlobalSection(ExtensibilityGlobals) = postSolution
		SolutionGuid = {C83F0832-FBD8-4DA2-8D6E-9D0C8A4DD733}
	EndGlobalSection
EndGlobal
