
Microsoft Visual Studio Solution File, Format Version 12.00
# Visual Studio Version 17
VisualStudioVersion = 17.7.34202.233
MinimumVisualStudioVersion = 10.0.40219.1
Project("{FAE04EC0-301F-11D3-BF4B-00C04F79EFBC}") = "Interfész", "Interfész\Interfész.csproj", "{9C7C8CF5-B779-420C-9BEC-FA970321B591}"
EndProject
Global
	GlobalSection(SolutionConfigurationPlatforms) = preSolution
		Debug|Any CPU = Debug|Any CPU
		Release|Any CPU = Release|Any CPU
	EndGlobalSection
	GlobalSection(ProjectConfigurationPlatforms) = postSolution
		{9C7C8CF5-B779-420C-9BEC-FA970321B591}.Debug|Any CPU.ActiveCfg = Debug|Any CPU
		{9C7C8CF5-B779-420C-9BEC-FA970321B591}.Debug|Any CPU.Build.0 = Debug|Any CPU
		{9C7C8CF5-B779-420C-9BEC-FA970321B591}.Release|Any CPU.ActiveCfg = Release|Any CPU
		{9C7C8CF5-B779-420C-9BEC-FA970321B591}.Release|Any CPU.Build.0 = Release|Any CPU
	EndGlobalSection
	GlobalSection(SolutionProperties) = preSolution
		HideSolutionNode = FALSE
	EndGlobalSection
	GlobalSection(ExtensibilityGlobals) = postSolution
		SolutionGuid = {F0C2E0F5-C789-4826-96D5-2D3426043DD2}
	EndGlobalSection
EndGlobal
