
Microsoft Visual Studio Solution File, Format Version 12.00
# Visual Studio Version 16
VisualStudioVersion = 16.0.33529.622
MinimumVisualStudioVersion = 10.0.40219.1
Project("{FAE04EC0-301F-11D3-BF4B-00C04F79EFBC}") = "ConsoleApp1", "ConsoleApp1\ConsoleApp1.csproj", "{BE360C24-9719-4309-BA63-B2671837457E}"
EndProject
Global
	GlobalSection(SolutionConfigurationPlatforms) = preSolution
		Debug|Any CPU = Debug|Any CPU
		Release|Any CPU = Release|Any CPU
	EndGlobalSection
	GlobalSection(ProjectConfigurationPlatforms) = postSolution
		{BE360C24-9719-4309-BA63-B2671837457E}.Debug|Any CPU.ActiveCfg = Debug|Any CPU
		{BE360C24-9719-4309-BA63-B2671837457E}.Debug|Any CPU.Build.0 = Debug|Any CPU
		{BE360C24-9719-4309-BA63-B2671837457E}.Release|Any CPU.ActiveCfg = Release|Any CPU
		{BE360C24-9719-4309-BA63-B2671837457E}.Release|Any CPU.Build.0 = Release|Any CPU
	EndGlobalSection
	GlobalSection(SolutionProperties) = preSolution
		HideSolutionNode = FALSE
	EndGlobalSection
	GlobalSection(ExtensibilityGlobals) = postSolution
		SolutionGuid = {608D0F8B-E6BE-414E-8C1B-4F020720387F}
	EndGlobalSection
EndGlobal
