
Microsoft Visual Studio Solution File, Format Version 12.00
# Visual Studio Version 16
VisualStudioVersion = 16.0.34114.132
MinimumVisualStudioVersion = 10.0.40219.1
Project("{FAE04EC0-301F-11D3-BF4B-00C04F79EFBC}") = "Ellenorzott_adatbekeres", "Ellenorzott_adatbekeres\Ellenorzott_adatbekeres.csproj", "{0C05EA0D-C5C2-4345-A6AF-5AF3215AAFF9}"
EndProject
Global
	GlobalSection(SolutionConfigurationPlatforms) = preSolution
		Debug|Any CPU = Debug|Any CPU
		Release|Any CPU = Release|Any CPU
	EndGlobalSection
	GlobalSection(ProjectConfigurationPlatforms) = postSolution
		{0C05EA0D-C5C2-4345-A6AF-5AF3215AAFF9}.Debug|Any CPU.ActiveCfg = Debug|Any CPU
		{0C05EA0D-C5C2-4345-A6AF-5AF3215AAFF9}.Debug|Any CPU.Build.0 = Debug|Any CPU
		{0C05EA0D-C5C2-4345-A6AF-5AF3215AAFF9}.Release|Any CPU.ActiveCfg = Release|Any CPU
		{0C05EA0D-C5C2-4345-A6AF-5AF3215AAFF9}.Release|Any CPU.Build.0 = Release|Any CPU
	EndGlobalSection
	GlobalSection(SolutionProperties) = preSolution
		HideSolutionNode = FALSE
	EndGlobalSection
	GlobalSection(ExtensibilityGlobals) = postSolution
		SolutionGuid = {2FFECFD3-0815-425A-9447-8E6B168D1660}
	EndGlobalSection
EndGlobal
