
Microsoft Visual Studio Solution File, Format Version 12.00
# Visual Studio Version 16
VisualStudioVersion = 16.0.33529.622
MinimumVisualStudioVersion = 10.0.40219.1
Project("{FAE04EC0-301F-11D3-BF4B-00C04F79EFBC}") = "network_utility", "network_utility\network_utility.csproj", "{9FAD49C5-F87F-4351-930E-C648F7D5F3C8}"
EndProject
Project("{FAE04EC0-301F-11D3-BF4B-00C04F79EFBC}") = "NetworkUtility.Tests", "NetworkUtility.Tests\NetworkUtility.Tests.csproj", "{D9DB9BA3-D776-441A-B8C1-0233CD84BB01}"
EndProject
Global
	GlobalSection(SolutionConfigurationPlatforms) = preSolution
		Debug|Any CPU = Debug|Any CPU
		Release|Any CPU = Release|Any CPU
	EndGlobalSection
	GlobalSection(ProjectConfigurationPlatforms) = postSolution
		{9FAD49C5-F87F-4351-930E-C648F7D5F3C8}.Debug|Any CPU.ActiveCfg = Debug|Any CPU
		{9FAD49C5-F87F-4351-930E-C648F7D5F3C8}.Debug|Any CPU.Build.0 = Debug|Any CPU
		{9FAD49C5-F87F-4351-930E-C648F7D5F3C8}.Release|Any CPU.ActiveCfg = Release|Any CPU
		{9FAD49C5-F87F-4351-930E-C648F7D5F3C8}.Release|Any CPU.Build.0 = Release|Any CPU
		{D9DB9BA3-D776-441A-B8C1-0233CD84BB01}.Debug|Any CPU.ActiveCfg = Debug|Any CPU
		{D9DB9BA3-D776-441A-B8C1-0233CD84BB01}.Debug|Any CPU.Build.0 = Debug|Any CPU
		{D9DB9BA3-D776-441A-B8C1-0233CD84BB01}.Release|Any CPU.ActiveCfg = Release|Any CPU
		{D9DB9BA3-D776-441A-B8C1-0233CD84BB01}.Release|Any CPU.Build.0 = Release|Any CPU
	EndGlobalSection
	GlobalSection(SolutionProperties) = preSolution
		HideSolutionNode = FALSE
	EndGlobalSection
	GlobalSection(ExtensibilityGlobals) = postSolution
		SolutionGuid = {777BD516-CD98-48EC-AE7F-A2835EF74CAF}
	EndGlobalSection
EndGlobal
