
Microsoft Visual Studio Solution File, Format Version 12.00
# Visual Studio Version 16
VisualStudioVersion = 16.0.33529.622
MinimumVisualStudioVersion = 10.0.40219.1
Project("{FAE04EC0-301F-11D3-BF4B-00C04F79EFBC}") = "lista2", "lista2\lista2.csproj", "{90AAABED-9BE8-498D-9643-50B9EA1D90B0}"
EndProject
Global
	GlobalSection(SolutionConfigurationPlatforms) = preSolution
		Debug|Any CPU = Debug|Any CPU
		Release|Any CPU = Release|Any CPU
	EndGlobalSection
	GlobalSection(ProjectConfigurationPlatforms) = postSolution
		{90AAABED-9BE8-498D-9643-50B9EA1D90B0}.Debug|Any CPU.ActiveCfg = Debug|Any CPU
		{90AAABED-9BE8-498D-9643-50B9EA1D90B0}.Debug|Any CPU.Build.0 = Debug|Any CPU
		{90AAABED-9BE8-498D-9643-50B9EA1D90B0}.Release|Any CPU.ActiveCfg = Release|Any CPU
		{90AAABED-9BE8-498D-9643-50B9EA1D90B0}.Release|Any CPU.Build.0 = Release|Any CPU
	EndGlobalSection
	GlobalSection(SolutionProperties) = preSolution
		HideSolutionNode = FALSE
	EndGlobalSection
	GlobalSection(ExtensibilityGlobals) = postSolution
		SolutionGuid = {BC6E073D-8204-4676-87B3-92F3B8B28DB7}
	EndGlobalSection
EndGlobal
