
Microsoft Visual Studio Solution File, Format Version 12.00
# Visual Studio Version 16
VisualStudioVersion = 16.0.34114.132
MinimumVisualStudioVersion = 10.0.40219.1
Project("{FAE04EC0-301F-11D3-BF4B-00C04F79EFBC}") = "Lancol Lista", "Lancol Lista\Lancol Lista.csproj", "{A575AB39-E73E-4E0A-A6E4-C97630ABE02E}"
EndProject
Global
	GlobalSection(SolutionConfigurationPlatforms) = preSolution
		Debug|Any CPU = Debug|Any CPU
		Release|Any CPU = Release|Any CPU
	EndGlobalSection
	GlobalSection(ProjectConfigurationPlatforms) = postSolution
		{A575AB39-E73E-4E0A-A6E4-C97630ABE02E}.Debug|Any CPU.ActiveCfg = Debug|Any CPU
		{A575AB39-E73E-4E0A-A6E4-C97630ABE02E}.Debug|Any CPU.Build.0 = Debug|Any CPU
		{A575AB39-E73E-4E0A-A6E4-C97630ABE02E}.Release|Any CPU.ActiveCfg = Release|Any CPU
		{A575AB39-E73E-4E0A-A6E4-C97630ABE02E}.Release|Any CPU.Build.0 = Release|Any CPU
	EndGlobalSection
	GlobalSection(SolutionProperties) = preSolution
		HideSolutionNode = FALSE
	EndGlobalSection
	GlobalSection(ExtensibilityGlobals) = postSolution
		SolutionGuid = {B0E0375C-9DB6-4F32-B88F-971E4F08393B}
	EndGlobalSection
EndGlobal
