
Microsoft Visual Studio Solution File, Format Version 12.00
# Visual Studio Version 17
VisualStudioVersion = 17.7.34202.233
MinimumVisualStudioVersion = 10.0.40219.1
Project("{FAE04EC0-301F-11D3-BF4B-00C04F79EFBC}") = "nobeldijjas", "nobeldijjas\nobeldijjas.csproj", "{5FA8D627-9F90-41E6-AFEB-23ED44ABD939}"
EndProject
Global
	GlobalSection(SolutionConfigurationPlatforms) = preSolution
		Debug|Any CPU = Debug|Any CPU
		Release|Any CPU = Release|Any CPU
	EndGlobalSection
	GlobalSection(ProjectConfigurationPlatforms) = postSolution
		{5FA8D627-9F90-41E6-AFEB-23ED44ABD939}.Debug|Any CPU.ActiveCfg = Debug|Any CPU
		{5FA8D627-9F90-41E6-AFEB-23ED44ABD939}.Debug|Any CPU.Build.0 = Debug|Any CPU
		{5FA8D627-9F90-41E6-AFEB-23ED44ABD939}.Release|Any CPU.ActiveCfg = Release|Any CPU
		{5FA8D627-9F90-41E6-AFEB-23ED44ABD939}.Release|Any CPU.Build.0 = Release|Any CPU
	EndGlobalSection
	GlobalSection(SolutionProperties) = preSolution
		HideSolutionNode = FALSE
	EndGlobalSection
	GlobalSection(ExtensibilityGlobals) = postSolution
		SolutionGuid = {DC3A2229-2CA7-4B63-941A-EED0A44FF53F}
	EndGlobalSection
EndGlobal
