
Microsoft Visual Studio Solution File, Format Version 12.00
# Visual Studio Version 17
VisualStudioVersion = 17.5.33530.505
MinimumVisualStudioVersion = 10.0.40219.1
Project("{FAE04EC0-301F-11D3-BF4B-00C04F79EFBC}") = "crud", "crud\crud.csproj", "{CCA30485-14A3-41D9-AF3C-69BF5333CC21}"
EndProject
Global
	GlobalSection(SolutionConfigurationPlatforms) = preSolution
		Debug|Any CPU = Debug|Any CPU
		Release|Any CPU = Release|Any CPU
	EndGlobalSection
	GlobalSection(ProjectConfigurationPlatforms) = postSolution
		{CCA30485-14A3-41D9-AF3C-69BF5333CC21}.Debug|Any CPU.ActiveCfg = Debug|Any CPU
		{CCA30485-14A3-41D9-AF3C-69BF5333CC21}.Debug|Any CPU.Build.0 = Debug|Any CPU
		{CCA30485-14A3-41D9-AF3C-69BF5333CC21}.Release|Any CPU.ActiveCfg = Release|Any CPU
		{CCA30485-14A3-41D9-AF3C-69BF5333CC21}.Release|Any CPU.Build.0 = Release|Any CPU
	EndGlobalSection
	GlobalSection(SolutionProperties) = preSolution
		HideSolutionNode = FALSE
	EndGlobalSection
	GlobalSection(ExtensibilityGlobals) = postSolution
		SolutionGuid = {FCE2608E-98F8-41BB-BA38-0F87D2029B80}
	EndGlobalSection
EndGlobal
