
Microsoft Visual Studio Solution File, Format Version 12.00
# Visual Studio Version 16
VisualStudioVersion = 16.0.33529.622
MinimumVisualStudioVersion = 10.0.40219.1
Project("{FAE04EC0-301F-11D3-BF4B-00C04F79EFBC}") = "Verem", "Verem\Verem.csproj", "{16315695-71B0-4993-ACA3-8A026DBBC73B}"
EndProject
Global
	GlobalSection(SolutionConfigurationPlatforms) = preSolution
		Debug|Any CPU = Debug|Any CPU
		Release|Any CPU = Release|Any CPU
	EndGlobalSection
	GlobalSection(ProjectConfigurationPlatforms) = postSolution
		{16315695-71B0-4993-ACA3-8A026DBBC73B}.Debug|Any CPU.ActiveCfg = Debug|Any CPU
		{16315695-71B0-4993-ACA3-8A026DBBC73B}.Debug|Any CPU.Build.0 = Debug|Any CPU
		{16315695-71B0-4993-ACA3-8A026DBBC73B}.Release|Any CPU.ActiveCfg = Release|Any CPU
		{16315695-71B0-4993-ACA3-8A026DBBC73B}.Release|Any CPU.Build.0 = Release|Any CPU
	EndGlobalSection
	GlobalSection(SolutionProperties) = preSolution
		HideSolutionNode = FALSE
	EndGlobalSection
	GlobalSection(ExtensibilityGlobals) = postSolution
		SolutionGuid = {F0B8DCA0-5BD4-4582-AFA9-4566FB8832A5}
	EndGlobalSection
EndGlobal
