
Microsoft Visual Studio Solution File, Format Version 12.00
# Visual Studio Version 16
VisualStudioVersion = 16.0.34114.132
MinimumVisualStudioVersion = 10.0.40219.1
Project("{FAE04EC0-301F-11D3-BF4B-00C04F79EFBC}") = "Dolgozat1", "Dolgozat1\Dolgozat1.csproj", "{FC372065-3DB4-4BF0-9106-5CADC37E23DF}"
EndProject
Global
	GlobalSection(SolutionConfigurationPlatforms) = preSolution
		Debug|Any CPU = Debug|Any CPU
		Release|Any CPU = Release|Any CPU
	EndGlobalSection
	GlobalSection(ProjectConfigurationPlatforms) = postSolution
		{FC372065-3DB4-4BF0-9106-5CADC37E23DF}.Debug|Any CPU.ActiveCfg = Debug|Any CPU
		{FC372065-3DB4-4BF0-9106-5CADC37E23DF}.Debug|Any CPU.Build.0 = Debug|Any CPU
		{FC372065-3DB4-4BF0-9106-5CADC37E23DF}.Release|Any CPU.ActiveCfg = Release|Any CPU
		{FC372065-3DB4-4BF0-9106-5CADC37E23DF}.Release|Any CPU.Build.0 = Release|Any CPU
	EndGlobalSection
	GlobalSection(SolutionProperties) = preSolution
		HideSolutionNode = FALSE
	EndGlobalSection
	GlobalSection(ExtensibilityGlobals) = postSolution
		SolutionGuid = {FA469955-A04E-45F0-9872-576F4A8C4CCD}
	EndGlobalSection
EndGlobal
