
Microsoft Visual Studio Solution File, Format Version 12.00
# Visual Studio Version 17
VisualStudioVersion = 17.5.33530.505
MinimumVisualStudioVersion = 10.0.40219.1
Project("{FAE04EC0-301F-11D3-BF4B-00C04F79EFBC}") = "adatbekeres", "adatbekeres\adatbekeres.csproj", "{2A7551D3-BEA3-4F3E-8972-94AF2D1E10AC}"
EndProject
Global
	GlobalSection(SolutionConfigurationPlatforms) = preSolution
		Debug|Any CPU = Debug|Any CPU
		Release|Any CPU = Release|Any CPU
	EndGlobalSection
	GlobalSection(ProjectConfigurationPlatforms) = postSolution
		{2A7551D3-BEA3-4F3E-8972-94AF2D1E10AC}.Debug|Any CPU.ActiveCfg = Debug|Any CPU
		{2A7551D3-BEA3-4F3E-8972-94AF2D1E10AC}.Debug|Any CPU.Build.0 = Debug|Any CPU
		{2A7551D3-BEA3-4F3E-8972-94AF2D1E10AC}.Release|Any CPU.ActiveCfg = Release|Any CPU
		{2A7551D3-BEA3-4F3E-8972-94AF2D1E10AC}.Release|Any CPU.Build.0 = Release|Any CPU
	EndGlobalSection
	GlobalSection(SolutionProperties) = preSolution
		HideSolutionNode = FALSE
	EndGlobalSection
	GlobalSection(ExtensibilityGlobals) = postSolution
		SolutionGuid = {5E62A176-0CB2-49F9-AFDE-28B302202D2B}
	EndGlobalSection
EndGlobal
