
Microsoft Visual Studio Solution File, Format Version 12.00
# Visual Studio Version 17
VisualStudioVersion = 17.6.33723.286
MinimumVisualStudioVersion = 10.0.40219.1
Project("{FAE04EC0-301F-11D3-BF4B-00C04F79EFBC}") = "1009", "1009\1009.csproj", "{39CBB548-DA03-4E51-A477-127070877D79}"
EndProject
Global
	GlobalSection(SolutionConfigurationPlatforms) = preSolution
		Debug|Any CPU = Debug|Any CPU
		Release|Any CPU = Release|Any CPU
	EndGlobalSection
	GlobalSection(ProjectConfigurationPlatforms) = postSolution
		{39CBB548-DA03-4E51-A477-127070877D79}.Debug|Any CPU.ActiveCfg = Debug|Any CPU
		{39CBB548-DA03-4E51-A477-127070877D79}.Debug|Any CPU.Build.0 = Debug|Any CPU
		{39CBB548-DA03-4E51-A477-127070877D79}.Release|Any CPU.ActiveCfg = Release|Any CPU
		{39CBB548-DA03-4E51-A477-127070877D79}.Release|Any CPU.Build.0 = Release|Any CPU
	EndGlobalSection
	GlobalSection(SolutionProperties) = preSolution
		HideSolutionNode = FALSE
	EndGlobalSection
	GlobalSection(ExtensibilityGlobals) = postSolution
		SolutionGuid = {5BCCA6DD-8A48-4644-A20B-BE15DFE3B9B3}
	EndGlobalSection
EndGlobal
