
Microsoft Visual Studio Solution File, Format Version 12.00
# Visual Studio Version 16
VisualStudioVersion = 16.0.33529.622
MinimumVisualStudioVersion = 10.0.40219.1
Project("{FAE04EC0-301F-11D3-BF4B-00C04F79EFBC}") = "ConsoleApp1", "ConsoleApp1\ConsoleApp1.csproj", "{F125610E-57FE-4A09-A431-CCD39607D532}"
EndProject
Global
	GlobalSection(SolutionConfigurationPlatforms) = preSolution
		Debug|Any CPU = Debug|Any CPU
		Release|Any CPU = Release|Any CPU
	EndGlobalSection
	GlobalSection(ProjectConfigurationPlatforms) = postSolution
		{F125610E-57FE-4A09-A431-CCD39607D532}.Debug|Any CPU.ActiveCfg = Debug|Any CPU
		{F125610E-57FE-4A09-A431-CCD39607D532}.Debug|Any CPU.Build.0 = Debug|Any CPU
		{F125610E-57FE-4A09-A431-CCD39607D532}.Release|Any CPU.ActiveCfg = Release|Any CPU
		{F125610E-57FE-4A09-A431-CCD39607D532}.Release|Any CPU.Build.0 = Release|Any CPU
	EndGlobalSection
	GlobalSection(SolutionProperties) = preSolution
		HideSolutionNode = FALSE
	EndGlobalSection
	GlobalSection(ExtensibilityGlobals) = postSolution
		SolutionGuid = {F4299992-2520-408E-B7E4-3ACF3FE5DBF3}
	EndGlobalSection
EndGlobal
