
Microsoft Visual Studio Solution File, Format Version 12.00
# Visual Studio Version 16
VisualStudioVersion = 16.0.34114.132
MinimumVisualStudioVersion = 10.0.40219.1
Project("{FAE04EC0-301F-11D3-BF4B-00C04F79EFBC}") = "Nevezetes_Algoritmusok2", "Nevezetes_Algoritmusok2\Nevezetes_Algoritmusok2.csproj", "{FCB933A4-C964-4031-8E1F-14245B924F89}"
EndProject
Global
	GlobalSection(SolutionConfigurationPlatforms) = preSolution
		Debug|Any CPU = Debug|Any CPU
		Release|Any CPU = Release|Any CPU
	EndGlobalSection
	GlobalSection(ProjectConfigurationPlatforms) = postSolution
		{FCB933A4-C964-4031-8E1F-14245B924F89}.Debug|Any CPU.ActiveCfg = Debug|Any CPU
		{FCB933A4-C964-4031-8E1F-14245B924F89}.Debug|Any CPU.Build.0 = Debug|Any CPU
		{FCB933A4-C964-4031-8E1F-14245B924F89}.Release|Any CPU.ActiveCfg = Release|Any CPU
		{FCB933A4-C964-4031-8E1F-14245B924F89}.Release|Any CPU.Build.0 = Release|Any CPU
	EndGlobalSection
	GlobalSection(SolutionProperties) = preSolution
		HideSolutionNode = FALSE
	EndGlobalSection
	GlobalSection(ExtensibilityGlobals) = postSolution
		SolutionGuid = {14BFA05E-6CEB-4E6C-A611-132F70741044}
	EndGlobalSection
EndGlobal
