
Microsoft Visual Studio Solution File, Format Version 12.00
# Visual Studio Version 16
VisualStudioVersion = 16.0.34114.132
MinimumVisualStudioVersion = 10.0.40219.1
Project("{FAE04EC0-301F-11D3-BF4B-00C04F79EFBC}") = "dolgozat1_jo", "dolgozat1_jo\dolgozat1_jo.csproj", "{6C9D9FF0-3567-42BA-9112-1206632D62F7}"
EndProject
Global
	GlobalSection(SolutionConfigurationPlatforms) = preSolution
		Debug|Any CPU = Debug|Any CPU
		Release|Any CPU = Release|Any CPU
	EndGlobalSection
	GlobalSection(ProjectConfigurationPlatforms) = postSolution
		{6C9D9FF0-3567-42BA-9112-1206632D62F7}.Debug|Any CPU.ActiveCfg = Debug|Any CPU
		{6C9D9FF0-3567-42BA-9112-1206632D62F7}.Debug|Any CPU.Build.0 = Debug|Any CPU
		{6C9D9FF0-3567-42BA-9112-1206632D62F7}.Release|Any CPU.ActiveCfg = Release|Any CPU
		{6C9D9FF0-3567-42BA-9112-1206632D62F7}.Release|Any CPU.Build.0 = Release|Any CPU
	EndGlobalSection
	GlobalSection(SolutionProperties) = preSolution
		HideSolutionNode = FALSE
	EndGlobalSection
	GlobalSection(ExtensibilityGlobals) = postSolution
		SolutionGuid = {421C4B5C-40A9-45A9-AFE2-A7D08ACB1411}
	EndGlobalSection
EndGlobal
