
Microsoft Visual Studio Solution File, Format Version 12.00
# Visual Studio Version 16
VisualStudioVersion = 16.0.33529.622
MinimumVisualStudioVersion = 10.0.40219.1
Project("{FAE04EC0-301F-11D3-BF4B-00C04F79EFBC}") = "OP1", "OP1\OP1.csproj", "{E65A17E2-4312-4261-BA6E-49EF85BBD092}"
EndProject
Global
	GlobalSection(SolutionConfigurationPlatforms) = preSolution
		Debug|Any CPU = Debug|Any CPU
		Release|Any CPU = Release|Any CPU
	EndGlobalSection
	GlobalSection(ProjectConfigurationPlatforms) = postSolution
		{E65A17E2-4312-4261-BA6E-49EF85BBD092}.Debug|Any CPU.ActiveCfg = Debug|Any CPU
		{E65A17E2-4312-4261-BA6E-49EF85BBD092}.Debug|Any CPU.Build.0 = Debug|Any CPU
		{E65A17E2-4312-4261-BA6E-49EF85BBD092}.Release|Any CPU.ActiveCfg = Release|Any CPU
		{E65A17E2-4312-4261-BA6E-49EF85BBD092}.Release|Any CPU.Build.0 = Release|Any CPU
	EndGlobalSection
	GlobalSection(SolutionProperties) = preSolution
		HideSolutionNode = FALSE
	EndGlobalSection
	GlobalSection(ExtensibilityGlobals) = postSolution
		SolutionGuid = {0FFA73CC-F6EC-4D04-AF5E-CF872EB8101D}
	EndGlobalSection
EndGlobal
