
Microsoft Visual Studio Solution File, Format Version 12.00
# Visual Studio Version 16
VisualStudioVersion = 16.0.33529.622
MinimumVisualStudioVersion = 10.0.40219.1
Project("{FAE04EC0-301F-11D3-BF4B-00C04F79EFBC}") = "dolgozat1", "dolgozat1.csproj", "{B84A8137-D61A-497D-BA30-C66FA9861BBA}"
EndProject
Global
	GlobalSection(SolutionConfigurationPlatforms) = preSolution
		Debug|Any CPU = Debug|Any CPU
		Release|Any CPU = Release|Any CPU
	EndGlobalSection
	GlobalSection(ProjectConfigurationPlatforms) = postSolution
		{B84A8137-D61A-497D-BA30-C66FA9861BBA}.Debug|Any CPU.ActiveCfg = Debug|Any CPU
		{B84A8137-D61A-497D-BA30-C66FA9861BBA}.Debug|Any CPU.Build.0 = Debug|Any CPU
		{B84A8137-D61A-497D-BA30-C66FA9861BBA}.Release|Any CPU.ActiveCfg = Release|Any CPU
		{B84A8137-D61A-497D-BA30-C66FA9861BBA}.Release|Any CPU.Build.0 = Release|Any CPU
	EndGlobalSection
	GlobalSection(SolutionProperties) = preSolution
		HideSolutionNode = FALSE
	EndGlobalSection
	GlobalSection(ExtensibilityGlobals) = postSolution
		SolutionGuid = {F5BAEC07-649F-4784-84C0-A6AE43BF1E3C}
	EndGlobalSection
EndGlobal
