
Microsoft Visual Studio Solution File, Format Version 12.00
# Visual Studio Version 17
VisualStudioVersion = 17.7.34202.233
MinimumVisualStudioVersion = 10.0.40219.1
Project("{FAE04EC0-301F-11D3-BF4B-00C04F79EFBC}") = "NetworkUtility", "NetworkUtility\NetworkUtility.csproj", "{EC07145D-8303-484A-B824-F9297980EFAF}"
EndProject
Project("{FAE04EC0-301F-11D3-BF4B-00C04F79EFBC}") = "NetworkUtility.Tests", "NetworkUtility.Tests\NetworkUtility.Tests.csproj", "{3907FF8B-1EDC-4E35-B7E1-B4DDE29D49C5}"
EndProject
Global
	GlobalSection(SolutionConfigurationPlatforms) = preSolution
		Debug|Any CPU = Debug|Any CPU
		Release|Any CPU = Release|Any CPU
	EndGlobalSection
	GlobalSection(ProjectConfigurationPlatforms) = postSolution
		{EC07145D-8303-484A-B824-F9297980EFAF}.Debug|Any CPU.ActiveCfg = Debug|Any CPU
		{EC07145D-8303-484A-B824-F9297980EFAF}.Debug|Any CPU.Build.0 = Debug|Any CPU
		{EC07145D-8303-484A-B824-F9297980EFAF}.Release|Any CPU.ActiveCfg = Release|Any CPU
		{EC07145D-8303-484A-B824-F9297980EFAF}.Release|Any CPU.Build.0 = Release|Any CPU
		{3907FF8B-1EDC-4E35-B7E1-B4DDE29D49C5}.Debug|Any CPU.ActiveCfg = Debug|Any CPU
		{3907FF8B-1EDC-4E35-B7E1-B4DDE29D49C5}.Debug|Any CPU.Build.0 = Debug|Any CPU
		{3907FF8B-1EDC-4E35-B7E1-B4DDE29D49C5}.Release|Any CPU.ActiveCfg = Release|Any CPU
		{3907FF8B-1EDC-4E35-B7E1-B4DDE29D49C5}.Release|Any CPU.Build.0 = Release|Any CPU
	EndGlobalSection
	GlobalSection(SolutionProperties) = preSolution
		HideSolutionNode = FALSE
	EndGlobalSection
	GlobalSection(ExtensibilityGlobals) = postSolution
		SolutionGuid = {0740024F-EF00-443F-A287-D59CF65770F9}
	EndGlobalSection
EndGlobal
